// !$*UTF8*$!
{
	archiveVersion = 1;
	classes = {
	};
	objectVersion = 42;
	objects = {

/* Begin PBXBuildFile section */
		AD013B8C06E20AC5000910D8 /* README in Resources */ = {isa = PBXBuildFile; fileRef = AD013B8706E20AC5000910D8 /* README */; };
		AD013C2606E20D19000910D8 /* NGHttp.framework in Frameworks */ = {isa = PBXBuildFile; fileRef = AD013C1906E20D18000910D8 /* NGHttp.framework */; };
		AD013C2806E20D19000910D8 /* NGImap4.framework in Frameworks */ = {isa = PBXBuildFile; fileRef = AD013C1B06E20D18000910D8 /* NGImap4.framework */; };
		AD013C2A06E20D19000910D8 /* NGMail.framework in Frameworks */ = {isa = PBXBuildFile; fileRef = AD013C1D06E20D18000910D8 /* NGMail.framework */; };
		AD013C2B06E20D19000910D8 /* NGMime.framework in Frameworks */ = {isa = PBXBuildFile; fileRef = AD013C1E06E20D18000910D8 /* NGMime.framework */; };
		AD013C2D06E20D19000910D8 /* NGObjWeb.framework in Frameworks */ = {isa = PBXBuildFile; fileRef = AD013C2006E20D18000910D8 /* NGObjWeb.framework */; };
		AD013C2E06E20D19000910D8 /* NGStreams.framework in Frameworks */ = {isa = PBXBuildFile; fileRef = AD013C2106E20D18000910D8 /* NGStreams.framework */; };
		AD013C3006E20D19000910D8 /* WebDAV.framework in Frameworks */ = {isa = PBXBuildFile; fileRef = AD013C2306E20D18000910D8 /* WebDAV.framework */; };
		AD0142CF06E21A3D000910D8 /* NGExtensions.framework in Frameworks */ = {isa = PBXBuildFile; fileRef = AD0142CE06E21A3D000910D8 /* NGExtensions.framework */; };
		AD4606EC0789911E00E8C5A3 /* OFSBaseObject.h in Headers */ = {isa = PBXBuildFile; fileRef = AD4606C60789911E00E8C5A3 /* OFSBaseObject.h */; settings = {ATTRIBUTES = (Public, ); }; };
		AD4606ED0789911E00E8C5A3 /* OFSBaseObject.m in Sources */ = {isa = PBXBuildFile; fileRef = AD4606C70789911E00E8C5A3 /* OFSBaseObject.m */; };
		AD4606EE0789911E00E8C5A3 /* OFSChangeLog.h in Headers */ = {isa = PBXBuildFile; fileRef = AD4606C80789911E00E8C5A3 /* OFSChangeLog.h */; settings = {ATTRIBUTES = (Public, ); }; };
		AD4606EF0789911E00E8C5A3 /* OFSChangeLog.m in Sources */ = {isa = PBXBuildFile; fileRef = AD4606C90789911E00E8C5A3 /* OFSChangeLog.m */; };
		AD4606F00789911E00E8C5A3 /* OFSFactoryContext.h in Headers */ = {isa = PBXBuildFile; fileRef = AD4606CA0789911E00E8C5A3 /* OFSFactoryContext.h */; settings = {ATTRIBUTES = (Public, ); }; };
		AD4606F10789911E00E8C5A3 /* OFSFactoryContext.m in Sources */ = {isa = PBXBuildFile; fileRef = AD4606CB0789911E00E8C5A3 /* OFSFactoryContext.m */; };
		AD4606F20789911E00E8C5A3 /* OFSFactoryRegistry.h in Headers */ = {isa = PBXBuildFile; fileRef = AD4606CC0789911E00E8C5A3 /* OFSFactoryRegistry.h */; settings = {ATTRIBUTES = (Public, ); }; };
		AD4606F30789911E00E8C5A3 /* OFSFactoryRegistry.m in Sources */ = {isa = PBXBuildFile; fileRef = AD4606CD0789911E00E8C5A3 /* OFSFactoryRegistry.m */; };
		AD4606F40789911E00E8C5A3 /* OFSFile.h in Headers */ = {isa = PBXBuildFile; fileRef = AD4606CE0789911E00E8C5A3 /* OFSFile.h */; settings = {ATTRIBUTES = (Public, ); }; };
		AD4606F50789911E00E8C5A3 /* OFSFile.m in Sources */ = {isa = PBXBuildFile; fileRef = AD4606CF0789911E00E8C5A3 /* OFSFile.m */; };
		AD4606F60789911E00E8C5A3 /* OFSFileRenderer.h in Headers */ = {isa = PBXBuildFile; fileRef = AD4606D00789911E00E8C5A3 /* OFSFileRenderer.h */; settings = {ATTRIBUTES = (Public, ); }; };
		AD4606F70789911E00E8C5A3 /* OFSFileRenderer.m in Sources */ = {isa = PBXBuildFile; fileRef = AD4606D10789911E00E8C5A3 /* OFSFileRenderer.m */; };
		AD4606F80789911E00E8C5A3 /* OFSFolder.h in Headers */ = {isa = PBXBuildFile; fileRef = AD4606D20789911E00E8C5A3 /* OFSFolder.h */; settings = {ATTRIBUTES = (Public, ); }; };
		AD4606F90789911E00E8C5A3 /* OFSFolder.m in Sources */ = {isa = PBXBuildFile; fileRef = AD4606D30789911E00E8C5A3 /* OFSFolder.m */; };
		AD4606FA0789911E00E8C5A3 /* OFSFolder+SoDAV.m in Sources */ = {isa = PBXBuildFile; fileRef = AD4606D40789911E00E8C5A3 /* OFSFolder+SoDAV.m */; };
		AD4606FB0789911E00E8C5A3 /* OFSFolderClassDescription.h in Headers */ = {isa = PBXBuildFile; fileRef = AD4606D50789911E00E8C5A3 /* OFSFolderClassDescription.h */; settings = {ATTRIBUTES = (); }; };
		AD4606FC0789911E00E8C5A3 /* OFSFolderClassDescription.m in Sources */ = {isa = PBXBuildFile; fileRef = AD4606D60789911E00E8C5A3 /* OFSFolderClassDescription.m */; };
		AD4606FD0789911E00E8C5A3 /* OFSFolderDataSource.h in Headers */ = {isa = PBXBuildFile; fileRef = AD4606D70789911E00E8C5A3 /* OFSFolderDataSource.h */; settings = {ATTRIBUTES = (Public, ); }; };
		AD4606FE0789911E00E8C5A3 /* OFSFolderDataSource.m in Sources */ = {isa = PBXBuildFile; fileRef = AD4606D80789911E00E8C5A3 /* OFSFolderDataSource.m */; };
		AD4606FF0789911E00E8C5A3 /* OFSHttpPasswd.h in Headers */ = {isa = PBXBuildFile; fileRef = AD4606D90789911E00E8C5A3 /* OFSHttpPasswd.h */; settings = {ATTRIBUTES = (Public, ); }; };
		AD4607000789911E00E8C5A3 /* OFSHttpPasswd.m in Sources */ = {isa = PBXBuildFile; fileRef = AD4606DA0789911E00E8C5A3 /* OFSHttpPasswd.m */; };
		AD4607010789911E00E8C5A3 /* OFSImage.h in Headers */ = {isa = PBXBuildFile; fileRef = AD4606DB0789911E00E8C5A3 /* OFSImage.h */; settings = {ATTRIBUTES = (Public, ); }; };
		AD4607020789911E00E8C5A3 /* OFSImage.m in Sources */ = {isa = PBXBuildFile; fileRef = AD4606DC0789911E00E8C5A3 /* OFSImage.m */; };
		AD4607030789911E00E8C5A3 /* OFSPropertyListObject.h in Headers */ = {isa = PBXBuildFile; fileRef = AD4606DD0789911E00E8C5A3 /* OFSPropertyListObject.h */; settings = {ATTRIBUTES = (Public, ); }; };
		AD4607040789911E00E8C5A3 /* OFSPropertyListObject.m in Sources */ = {isa = PBXBuildFile; fileRef = AD4606DE0789911E00E8C5A3 /* OFSPropertyListObject.m */; };
		AD4607050789911E00E8C5A3 /* OFSResourceManager.h in Headers */ = {isa = PBXBuildFile; fileRef = AD4606DF0789911E00E8C5A3 /* OFSResourceManager.h */; settings = {ATTRIBUTES = (Public, ); }; };
		AD4607060789911E00E8C5A3 /* OFSResourceManager.m in Sources */ = {isa = PBXBuildFile; fileRef = AD4606E00789911E00E8C5A3 /* OFSResourceManager.m */; };
		AD4607070789911E00E8C5A3 /* OFSWebDocument.h in Headers */ = {isa = PBXBuildFile; fileRef = AD4606E10789911E00E8C5A3 /* OFSWebDocument.h */; settings = {ATTRIBUTES = (Public, ); }; };
		AD4607080789911E00E8C5A3 /* OFSWebDocument.m in Sources */ = {isa = PBXBuildFile; fileRef = AD4606E20789911E00E8C5A3 /* OFSWebDocument.m */; };
		AD4607090789911E00E8C5A3 /* OFSWebMethod.h in Headers */ = {isa = PBXBuildFile; fileRef = AD4606E30789911E00E8C5A3 /* OFSWebMethod.h */; settings = {ATTRIBUTES = (Public, ); }; };
		AD46070A0789911E00E8C5A3 /* OFSWebMethod.m in Sources */ = {isa = PBXBuildFile; fileRef = AD4606E40789911E00E8C5A3 /* OFSWebMethod.m */; };
		AD46070B0789911E00E8C5A3 /* OFSWebMethodRenderer.h in Headers */ = {isa = PBXBuildFile; fileRef = AD4606E50789911E00E8C5A3 /* OFSWebMethodRenderer.h */; settings = {ATTRIBUTES = (Public, ); }; };
		AD46070C0789911E00E8C5A3 /* OFSWebMethodRenderer.m in Sources */ = {isa = PBXBuildFile; fileRef = AD4606E60789911E00E8C5A3 /* OFSWebMethodRenderer.m */; };
		AD46070D0789911E00E8C5A3 /* OFSWebTemplate.h in Headers */ = {isa = PBXBuildFile; fileRef = AD4606E70789911E00E8C5A3 /* OFSWebTemplate.h */; settings = {ATTRIBUTES = (Public, ); }; };
		AD46070E0789911E00E8C5A3 /* OFSWebTemplate.m in Sources */ = {isa = PBXBuildFile; fileRef = AD4606E80789911E00E8C5A3 /* OFSWebTemplate.m */; };
		AD46070F0789911E00E8C5A3 /* product.plist in Resources */ = {isa = PBXBuildFile; fileRef = AD4606E90789911E00E8C5A3 /* product.plist */; };
		AD4607100789911E00E8C5A3 /* SoOFS.h in Headers */ = {isa = PBXBuildFile; fileRef = AD4606EA0789911E00E8C5A3 /* SoOFS.h */; settings = {ATTRIBUTES = (Public, ); }; };
		AD460763078992EA00E8C5A3 /* SoObjects.framework in Frameworks */ = {isa = PBXBuildFile; fileRef = AD460762078992EA00E8C5A3 /* SoObjects.framework */; };
		AD5529F20794488A0037E121 /* sope.m in Sources */ = {isa = PBXBuildFile; fileRef = AD5529E7079447830037E121 /* sope.m */; };
		AD5529F3079448920037E121 /* Foundation.framework in Frameworks */ = {isa = PBXBuildFile; fileRef = ADD65F7406DA3C51007161CA /* Foundation.framework */; };
		AD552A61079448970037E121 /* DOM.framework in Frameworks */ = {isa = PBXBuildFile; fileRef = ADD65FE506DA3CDE007161CA /* DOM.framework */; };
		AD552A62079448970037E121 /* SaxObjC.framework in Frameworks */ = {isa = PBXBuildFile; fileRef = ADD65FE606DA3CDE007161CA /* SaxObjC.framework */; };
		AD552A63079448970037E121 /* XmlRpc.framework in Frameworks */ = {isa = PBXBuildFile; fileRef = ADD65FE706DA3CDE007161CA /* XmlRpc.framework */; };
		AD552A640794489F0037E121 /* EOControl.framework in Frameworks */ = {isa = PBXBuildFile; fileRef = ADD6610D06DA3D1F007161CA /* EOControl.framework */; };
		AD552A650794489F0037E121 /* NGExtensions.framework in Frameworks */ = {isa = PBXBuildFile; fileRef = AD0142CE06E21A3D000910D8 /* NGExtensions.framework */; };
		AD552A660794489F0037E121 /* NGStreams.framework in Frameworks */ = {isa = PBXBuildFile; fileRef = AD013C2106E20D18000910D8 /* NGStreams.framework */; };
		AD552A67079448A60037E121 /* NGImap4.framework in Frameworks */ = {isa = PBXBuildFile; fileRef = AD013C1B06E20D18000910D8 /* NGImap4.framework */; };
		AD552A68079448A60037E121 /* NGMail.framework in Frameworks */ = {isa = PBXBuildFile; fileRef = AD013C1D06E20D18000910D8 /* NGMail.framework */; };
		AD552A69079448A60037E121 /* NGMime.framework in Frameworks */ = {isa = PBXBuildFile; fileRef = AD013C1E06E20D18000910D8 /* NGMime.framework */; };
		AD552A6A079448B00037E121 /* NGObjWeb.framework in Frameworks */ = {isa = PBXBuildFile; fileRef = AD013C2006E20D18000910D8 /* NGObjWeb.framework */; };
		AD552A6B079448B00037E121 /* WEExtensions.framework in Frameworks */ = {isa = PBXBuildFile; fileRef = AD013C2406E20D18000910D8 /* WEExtensions.framework */; };
		AD552A6C079448B00037E121 /* WOExtensions.framework in Frameworks */ = {isa = PBXBuildFile; fileRef = AD013C2506E20D19000910D8 /* WOExtensions.framework */; };
		AD552A6D079448B00037E121 /* NGHttp.framework in Frameworks */ = {isa = PBXBuildFile; fileRef = AD013C1906E20D18000910D8 /* NGHttp.framework */; };
		AD552A6E079448B00037E121 /* WebDAV.framework in Frameworks */ = {isa = PBXBuildFile; fileRef = AD013C2306E20D18000910D8 /* WebDAV.framework */; };
		AD552A6F079448B00037E121 /* SoObjects.framework in Frameworks */ = {isa = PBXBuildFile; fileRef = AD460762078992EA00E8C5A3 /* SoObjects.framework */; };
		AD552A70079448B60037E121 /* SoOFS.framework in Frameworks */ = {isa = PBXBuildFile; fileRef = ADD65D5806DA372D007161CA /* SoOFS.framework */; };
		ADD65F6406DA3AF6007161CA /* common.h in Headers */ = {isa = PBXBuildFile; fileRef = ADD65C7006DA343C007161CA /* common.h */; };
		ADD65F6706DA3B38007161CA /* TODO in Resources */ = {isa = PBXBuildFile; fileRef = ADD65C8A06DA343C007161CA /* TODO */; };
		ADD65F7506DA3C51007161CA /* Foundation.framework in Frameworks */ = {isa = PBXBuildFile; fileRef = ADD65F7406DA3C51007161CA /* Foundation.framework */; };
		ADD65FE806DA3CDE007161CA /* DOM.framework in Frameworks */ = {isa = PBXBuildFile; fileRef = ADD65FE506DA3CDE007161CA /* DOM.framework */; };
		ADD65FE906DA3CDE007161CA /* SaxObjC.framework in Frameworks */ = {isa = PBXBuildFile; fileRef = ADD65FE606DA3CDE007161CA /* SaxObjC.framework */; };
		ADD65FEA06DA3CDE007161CA /* XmlRpc.framework in Frameworks */ = {isa = PBXBuildFile; fileRef = ADD65FE706DA3CDE007161CA /* XmlRpc.framework */; };
		ADD6610E06DA3D1F007161CA /* EOControl.framework in Frameworks */ = {isa = PBXBuildFile; fileRef = ADD6610D06DA3D1F007161CA /* EOControl.framework */; };
		ADE806E20789F76900633840 /* SoOFSProduct.m in Sources */ = {isa = PBXBuildFile; fileRef = AD4606EB0789911E00E8C5A3 /* SoOFSProduct.m */; };
/* End PBXBuildFile section */

/* Begin PBXFileReference section */
		AD013B8706E20AC5000910D8 /* README */ = {isa = PBXFileReference; fileEncoding = 5; lastKnownFileType = text; path = README; sourceTree = "<group>"; };
		AD013C1906E20D18000910D8 /* NGHttp.framework */ = {isa = PBXFileReference; lastKnownFileType = wrapper.framework; name = NGHttp.framework; path = "$(USER_LIBRARY_DIR)/EmbeddedFrameworks/Wrapper/NGHttp.framework"; sourceTree = "<absolute>"; };
		AD013C1B06E20D18000910D8 /* NGImap4.framework */ = {isa = PBXFileReference; lastKnownFileType = wrapper.framework; name = NGImap4.framework; path = "$(USER_LIBRARY_DIR)/EmbeddedFrameworks/Wrapper/NGImap4.framework"; sourceTree = "<absolute>"; };
		AD013C1D06E20D18000910D8 /* NGMail.framework */ = {isa = PBXFileReference; lastKnownFileType = wrapper.framework; name = NGMail.framework; path = "$(USER_LIBRARY_DIR)/EmbeddedFrameworks/Wrapper/NGMail.framework"; sourceTree = "<absolute>"; };
		AD013C1E06E20D18000910D8 /* NGMime.framework */ = {isa = PBXFileReference; lastKnownFileType = wrapper.framework; name = NGMime.framework; path = "$(USER_LIBRARY_DIR)/EmbeddedFrameworks/Wrapper/NGMime.framework"; sourceTree = "<absolute>"; };
		AD013C2006E20D18000910D8 /* NGObjWeb.framework */ = {isa = PBXFileReference; lastKnownFileType = wrapper.framework; name = NGObjWeb.framework; path = "$(USER_LIBRARY_DIR)/EmbeddedFrameworks/Wrapper/NGObjWeb.framework"; sourceTree = "<absolute>"; };
		AD013C2106E20D18000910D8 /* NGStreams.framework */ = {isa = PBXFileReference; lastKnownFileType = wrapper.framework; name = NGStreams.framework; path = "$(USER_LIBRARY_DIR)/EmbeddedFrameworks/Wrapper/NGStreams.framework"; sourceTree = "<absolute>"; };
		AD013C2306E20D18000910D8 /* WebDAV.framework */ = {isa = PBXFileReference; lastKnownFileType = wrapper.framework; name = WebDAV.framework; path = "$(USER_LIBRARY_DIR)/EmbeddedFrameworks/Wrapper/WebDAV.framework"; sourceTree = "<absolute>"; };
		AD013C2406E20D18000910D8 /* WEExtensions.framework */ = {isa = PBXFileReference; lastKnownFileType = wrapper.framework; name = WEExtensions.framework; path = "$(USER_LIBRARY_DIR)/EmbeddedFrameworks/Wrapper/WEExtensions.framework"; sourceTree = "<absolute>"; };
		AD013C2506E20D19000910D8 /* WOExtensions.framework */ = {isa = PBXFileReference; lastKnownFileType = wrapper.framework; name = WOExtensions.framework; path = "$(USER_LIBRARY_DIR)/EmbeddedFrameworks/Wrapper/WOExtensions.framework"; sourceTree = "<absolute>"; };
		AD0142CE06E21A3D000910D8 /* NGExtensions.framework */ = {isa = PBXFileReference; lastKnownFileType = wrapper.framework; name = NGExtensions.framework; path = "$(USER_LIBRARY_DIR)/EmbeddedFrameworks/Wrapper/NGExtensions.framework"; sourceTree = "<absolute>"; };
		AD4604660789885D00E8C5A3 /* fhs.make */ = {isa = PBXFileReference; explicitFileType = sourcecode.make; fileEncoding = 5; indentWidth = 8; path = fhs.make; sourceTree = "<group>"; tabWidth = 8; };
		AD4606C60789911E00E8C5A3 /* OFSBaseObject.h */ = {isa = PBXFileReference; fileEncoding = 5; lastKnownFileType = sourcecode.c.h; path = OFSBaseObject.h; sourceTree = "<group>"; };
		AD4606C70789911E00E8C5A3 /* OFSBaseObject.m */ = {isa = PBXFileReference; fileEncoding = 5; lastKnownFileType = sourcecode.c.objc; path = OFSBaseObject.m; sourceTree = "<group>"; };
		AD4606C80789911E00E8C5A3 /* OFSChangeLog.h */ = {isa = PBXFileReference; fileEncoding = 5; lastKnownFileType = sourcecode.c.h; path = OFSChangeLog.h; sourceTree = "<group>"; };
		AD4606C90789911E00E8C5A3 /* OFSChangeLog.m */ = {isa = PBXFileReference; fileEncoding = 5; lastKnownFileType = sourcecode.c.objc; path = OFSChangeLog.m; sourceTree = "<group>"; };
		AD4606CA0789911E00E8C5A3 /* OFSFactoryContext.h */ = {isa = PBXFileReference; fileEncoding = 5; lastKnownFileType = sourcecode.c.h; path = OFSFactoryContext.h; sourceTree = "<group>"; };
		AD4606CB0789911E00E8C5A3 /* OFSFactoryContext.m */ = {isa = PBXFileReference; fileEncoding = 5; lastKnownFileType = sourcecode.c.objc; path = OFSFactoryContext.m; sourceTree = "<group>"; };
		AD4606CC0789911E00E8C5A3 /* OFSFactoryRegistry.h */ = {isa = PBXFileReference; fileEncoding = 5; lastKnownFileType = sourcecode.c.h; path = OFSFactoryRegistry.h; sourceTree = "<group>"; };
		AD4606CD0789911E00E8C5A3 /* OFSFactoryRegistry.m */ = {isa = PBXFileReference; fileEncoding = 5; lastKnownFileType = sourcecode.c.objc; path = OFSFactoryRegistry.m; sourceTree = "<group>"; };
		AD4606CE0789911E00E8C5A3 /* OFSFile.h */ = {isa = PBXFileReference; fileEncoding = 5; lastKnownFileType = sourcecode.c.h; path = OFSFile.h; sourceTree = "<group>"; };
		AD4606CF0789911E00E8C5A3 /* OFSFile.m */ = {isa = PBXFileReference; fileEncoding = 5; lastKnownFileType = sourcecode.c.objc; path = OFSFile.m; sourceTree = "<group>"; };
		AD4606D00789911E00E8C5A3 /* OFSFileRenderer.h */ = {isa = PBXFileReference; fileEncoding = 5; lastKnownFileType = sourcecode.c.h; path = OFSFileRenderer.h; sourceTree = "<group>"; };
		AD4606D10789911E00E8C5A3 /* OFSFileRenderer.m */ = {isa = PBXFileReference; fileEncoding = 5; lastKnownFileType = sourcecode.c.objc; path = OFSFileRenderer.m; sourceTree = "<group>"; };
		AD4606D20789911E00E8C5A3 /* OFSFolder.h */ = {isa = PBXFileReference; fileEncoding = 5; lastKnownFileType = sourcecode.c.h; path = OFSFolder.h; sourceTree = "<group>"; };
		AD4606D30789911E00E8C5A3 /* OFSFolder.m */ = {isa = PBXFileReference; fileEncoding = 5; lastKnownFileType = sourcecode.c.objc; path = OFSFolder.m; sourceTree = "<group>"; };
		AD4606D40789911E00E8C5A3 /* OFSFolder+SoDAV.m */ = {isa = PBXFileReference; fileEncoding = 5; lastKnownFileType = sourcecode.c.objc; path = "OFSFolder+SoDAV.m"; sourceTree = "<group>"; };
		AD4606D50789911E00E8C5A3 /* OFSFolderClassDescription.h */ = {isa = PBXFileReference; fileEncoding = 5; lastKnownFileType = sourcecode.c.h; path = OFSFolderClassDescription.h; sourceTree = "<group>"; };
		AD4606D60789911E00E8C5A3 /* OFSFolderClassDescription.m */ = {isa = PBXFileReference; fileEncoding = 5; lastKnownFileType = sourcecode.c.objc; path = OFSFolderClassDescription.m; sourceTree = "<group>"; };
		AD4606D70789911E00E8C5A3 /* OFSFolderDataSource.h */ = {isa = PBXFileReference; fileEncoding = 5; lastKnownFileType = sourcecode.c.h; path = OFSFolderDataSource.h; sourceTree = "<group>"; };
		AD4606D80789911E00E8C5A3 /* OFSFolderDataSource.m */ = {isa = PBXFileReference; fileEncoding = 5; lastKnownFileType = sourcecode.c.objc; path = OFSFolderDataSource.m; sourceTree = "<group>"; };
		AD4606D90789911E00E8C5A3 /* OFSHttpPasswd.h */ = {isa = PBXFileReference; fileEncoding = 5; lastKnownFileType = sourcecode.c.h; path = OFSHttpPasswd.h; sourceTree = "<group>"; };
		AD4606DA0789911E00E8C5A3 /* OFSHttpPasswd.m */ = {isa = PBXFileReference; fileEncoding = 5; lastKnownFileType = sourcecode.c.objc; path = OFSHttpPasswd.m; sourceTree = "<group>"; };
		AD4606DB0789911E00E8C5A3 /* OFSImage.h */ = {isa = PBXFileReference; fileEncoding = 5; lastKnownFileType = sourcecode.c.h; path = OFSImage.h; sourceTree = "<group>"; };
		AD4606DC0789911E00E8C5A3 /* OFSImage.m */ = {isa = PBXFileReference; fileEncoding = 5; lastKnownFileType = sourcecode.c.objc; path = OFSImage.m; sourceTree = "<group>"; };
		AD4606DD0789911E00E8C5A3 /* OFSPropertyListObject.h */ = {isa = PBXFileReference; fileEncoding = 5; lastKnownFileType = sourcecode.c.h; path = OFSPropertyListObject.h; sourceTree = "<group>"; };
		AD4606DE0789911E00E8C5A3 /* OFSPropertyListObject.m */ = {isa = PBXFileReference; fileEncoding = 5; lastKnownFileType = sourcecode.c.objc; path = OFSPropertyListObject.m; sourceTree = "<group>"; };
		AD4606DF0789911E00E8C5A3 /* OFSResourceManager.h */ = {isa = PBXFileReference; fileEncoding = 5; lastKnownFileType = sourcecode.c.h; path = OFSResourceManager.h; sourceTree = "<group>"; };
		AD4606E00789911E00E8C5A3 /* OFSResourceManager.m */ = {isa = PBXFileReference; fileEncoding = 5; lastKnownFileType = sourcecode.c.objc; path = OFSResourceManager.m; sourceTree = "<group>"; };
		AD4606E10789911E00E8C5A3 /* OFSWebDocument.h */ = {isa = PBXFileReference; fileEncoding = 5; lastKnownFileType = sourcecode.c.h; path = OFSWebDocument.h; sourceTree = "<group>"; };
		AD4606E20789911E00E8C5A3 /* OFSWebDocument.m */ = {isa = PBXFileReference; fileEncoding = 5; lastKnownFileType = sourcecode.c.objc; path = OFSWebDocument.m; sourceTree = "<group>"; };
		AD4606E30789911E00E8C5A3 /* OFSWebMethod.h */ = {isa = PBXFileReference; fileEncoding = 5; lastKnownFileType = sourcecode.c.h; path = OFSWebMethod.h; sourceTree = "<group>"; };
		AD4606E40789911E00E8C5A3 /* OFSWebMethod.m */ = {isa = PBXFileReference; fileEncoding = 5; lastKnownFileType = sourcecode.c.objc; path = OFSWebMethod.m; sourceTree = "<group>"; };
		AD4606E50789911E00E8C5A3 /* OFSWebMethodRenderer.h */ = {isa = PBXFileReference; fileEncoding = 5; lastKnownFileType = sourcecode.c.h; path = OFSWebMethodRenderer.h; sourceTree = "<group>"; };
		AD4606E60789911E00E8C5A3 /* OFSWebMethodRenderer.m */ = {isa = PBXFileReference; fileEncoding = 5; lastKnownFileType = sourcecode.c.objc; path = OFSWebMethodRenderer.m; sourceTree = "<group>"; };
		AD4606E70789911E00E8C5A3 /* OFSWebTemplate.h */ = {isa = PBXFileReference; fileEncoding = 5; lastKnownFileType = sourcecode.c.h; path = OFSWebTemplate.h; sourceTree = "<group>"; };
		AD4606E80789911E00E8C5A3 /* OFSWebTemplate.m */ = {isa = PBXFileReference; fileEncoding = 5; lastKnownFileType = sourcecode.c.objc; path = OFSWebTemplate.m; sourceTree = "<group>"; };
		AD4606E90789911E00E8C5A3 /* product.plist */ = {isa = PBXFileReference; fileEncoding = 5; lastKnownFileType = text.plist; path = product.plist; sourceTree = "<group>"; };
		AD4606EA0789911E00E8C5A3 /* SoOFS.h */ = {isa = PBXFileReference; fileEncoding = 5; lastKnownFileType = sourcecode.c.h; path = SoOFS.h; sourceTree = "<group>"; };
		AD4606EB0789911E00E8C5A3 /* SoOFSProduct.m */ = {isa = PBXFileReference; fileEncoding = 5; lastKnownFileType = sourcecode.c.objc; path = SoOFSProduct.m; sourceTree = "<group>"; };
		AD460762078992EA00E8C5A3 /* SoObjects.framework */ = {isa = PBXFileReference; lastKnownFileType = wrapper.framework; name = SoObjects.framework; path = "$(USER_LIBRARY_DIR)/EmbeddedFrameworks/Wrapper/SoObjects.framework"; sourceTree = "<absolute>"; };
		AD5529E1079447410037E121 /* sope-4.7 */ = {isa = PBXFileReference; explicitFileType = "compiled.mach-o.executable"; includeInIndex = 0; path = "sope-4.7"; sourceTree = BUILT_PRODUCTS_DIR; };
		AD5529E6079447830037E121 /* sope.8 */ = {isa = PBXFileReference; explicitFileType = text.man; fileEncoding = 5; path = sope.8; sourceTree = "<group>"; };
		AD5529E7079447830037E121 /* sope.m */ = {isa = PBXFileReference; fileEncoding = 5; indentWidth = 2; lastKnownFileType = sourcecode.c.objc; path = sope.m; sourceTree = "<group>"; };
		AD77EC860C4F66880018A131 /* Common.xcconfig */ = {isa = PBXFileReference; fileEncoding = 5; lastKnownFileType = text.xcconfig; path = Common.xcconfig; sourceTree = "<group>"; };
		AD77EC870C4F66880018A131 /* Development.xcconfig */ = {isa = PBXFileReference; fileEncoding = 5; lastKnownFileType = text.xcconfig; path = Development.xcconfig; sourceTree = "<group>"; };
		AD77EC880C4F66880018A131 /* Wrapper.xcconfig */ = {isa = PBXFileReference; fileEncoding = 5; lastKnownFileType = text.xcconfig; path = Wrapper.xcconfig; sourceTree = "<group>"; };
		ADD65C6F06DA343C007161CA /* ChangeLog */ = {isa = PBXFileReference; fileEncoding = 5; indentWidth = 8; lastKnownFileType = text; path = ChangeLog; sourceTree = "<group>"; tabWidth = 8; usesTabs = 1; };
		ADD65C7006DA343C007161CA /* common.h */ = {isa = PBXFileReference; fileEncoding = 5; indentWidth = 2; lastKnownFileType = sourcecode.c.h; path = common.h; sourceTree = "<group>"; };
		ADD65C7406DA343C007161CA /* GNUmakefile */ = {isa = PBXFileReference; explicitFileType = sourcecode.make; fileEncoding = 5; indentWidth = 8; path = GNUmakefile; sourceTree = "<group>"; tabWidth = 8; };
		ADD65C7506DA343C007161CA /* GNUmakefile.preamble */ = {isa = PBXFileReference; explicitFileType = sourcecode.make; fileEncoding = 5; indentWidth = 8; path = GNUmakefile.preamble; sourceTree = "<group>"; tabWidth = 8; };
		ADD65C8A06DA343C007161CA /* TODO */ = {isa = PBXFileReference; fileEncoding = 5; lastKnownFileType = text; path = TODO; sourceTree = "<group>"; };
		ADD65C8B06DA343C007161CA /* Version */ = {isa = PBXFileReference; explicitFileType = sourcecode.make; fileEncoding = 5; indentWidth = 8; path = Version; sourceTree = "<group>"; tabWidth = 8; };
		ADD65D5806DA372D007161CA /* SoOFS.framework */ = {isa = PBXFileReference; explicitFileType = wrapper.framework; includeInIndex = 0; path = SoOFS.framework; sourceTree = BUILT_PRODUCTS_DIR; };
		ADD65D5A06DA372D007161CA /* SoOFS-Info.plist */ = {isa = PBXFileReference; lastKnownFileType = text.xml; path = "SoOFS-Info.plist"; sourceTree = "<group>"; };
		ADD65F7406DA3C51007161CA /* Foundation.framework */ = {isa = PBXFileReference; lastKnownFileType = wrapper.framework; name = Foundation.framework; path = /System/Library/Frameworks/Foundation.framework; sourceTree = "<absolute>"; };
		ADD65FE506DA3CDE007161CA /* DOM.framework */ = {isa = PBXFileReference; lastKnownFileType = wrapper.framework; name = DOM.framework; path = "$(USER_LIBRARY_DIR)/EmbeddedFrameworks/Wrapper/DOM.framework"; sourceTree = "<absolute>"; };
		ADD65FE606DA3CDE007161CA /* SaxObjC.framework */ = {isa = PBXFileReference; lastKnownFileType = wrapper.framework; name = SaxObjC.framework; path = "$(USER_LIBRARY_DIR)/EmbeddedFrameworks/Wrapper/SaxObjC.framework"; sourceTree = "<absolute>"; };
		ADD65FE706DA3CDE007161CA /* XmlRpc.framework */ = {isa = PBXFileReference; lastKnownFileType = wrapper.framework; name = XmlRpc.framework; path = "$(USER_LIBRARY_DIR)/EmbeddedFrameworks/Wrapper/XmlRpc.framework"; sourceTree = "<absolute>"; };
		ADD6610D06DA3D1F007161CA /* EOControl.framework */ = {isa = PBXFileReference; lastKnownFileType = wrapper.framework; name = EOControl.framework; path = "$(USER_LIBRARY_DIR)/EmbeddedFrameworks/Wrapper/EOControl.framework"; sourceTree = "<absolute>"; };
/* End PBXFileReference section */

/* Begin PBXFrameworksBuildPhase section */
		AD5529DF079447410037E121 /* Frameworks */ = {
			isa = PBXFrameworksBuildPhase;
			buildActionMask = 2147483647;
			files = (
				AD5529F3079448920037E121 /* Foundation.framework in Frameworks */,
				AD552A61079448970037E121 /* DOM.framework in Frameworks */,
				AD552A62079448970037E121 /* SaxObjC.framework in Frameworks */,
				AD552A63079448970037E121 /* XmlRpc.framework in Frameworks */,
				AD552A640794489F0037E121 /* EOControl.framework in Frameworks */,
				AD552A650794489F0037E121 /* NGExtensions.framework in Frameworks */,
				AD552A660794489F0037E121 /* NGStreams.framework in Frameworks */,
				AD552A67079448A60037E121 /* NGImap4.framework in Frameworks */,
				AD552A68079448A60037E121 /* NGMail.framework in Frameworks */,
				AD552A69079448A60037E121 /* NGMime.framework in Frameworks */,
				AD552A6A079448B00037E121 /* NGObjWeb.framework in Frameworks */,
				AD552A6B079448B00037E121 /* WEExtensions.framework in Frameworks */,
				AD552A6C079448B00037E121 /* WOExtensions.framework in Frameworks */,
				AD552A6D079448B00037E121 /* NGHttp.framework in Frameworks */,
				AD552A6E079448B00037E121 /* WebDAV.framework in Frameworks */,
				AD552A6F079448B00037E121 /* SoObjects.framework in Frameworks */,
				AD552A70079448B60037E121 /* SoOFS.framework in Frameworks */,
			);
			runOnlyForDeploymentPostprocessing = 0;
		};
		ADD65D5606DA372D007161CA /* Frameworks */ = {
			isa = PBXFrameworksBuildPhase;
			buildActionMask = 2147483647;
			files = (
				ADD65F7506DA3C51007161CA /* Foundation.framework in Frameworks */,
				ADD6610E06DA3D1F007161CA /* EOControl.framework in Frameworks */,
				ADD65FE906DA3CDE007161CA /* SaxObjC.framework in Frameworks */,
				ADD65FE806DA3CDE007161CA /* DOM.framework in Frameworks */,
				ADD65FEA06DA3CDE007161CA /* XmlRpc.framework in Frameworks */,
				AD013C2606E20D19000910D8 /* NGHttp.framework in Frameworks */,
				AD013C2806E20D19000910D8 /* NGImap4.framework in Frameworks */,
				AD013C2A06E20D19000910D8 /* NGMail.framework in Frameworks */,
				AD013C2B06E20D19000910D8 /* NGMime.framework in Frameworks */,
				AD013C2D06E20D19000910D8 /* NGObjWeb.framework in Frameworks */,
				AD013C2E06E20D19000910D8 /* NGStreams.framework in Frameworks */,
				AD013C3006E20D19000910D8 /* WebDAV.framework in Frameworks */,
				AD0142CF06E21A3D000910D8 /* NGExtensions.framework in Frameworks */,
				AD460763078992EA00E8C5A3 /* SoObjects.framework in Frameworks */,
			);
			runOnlyForDeploymentPostprocessing = 0;
		};
/* End PBXFrameworksBuildPhase section */

/* Begin PBXGroup section */
		AD013C1806E20C17000910D8 /* Headers */ = {
			isa = PBXGroup;
			children = (
				AD4606EA0789911E00E8C5A3 /* SoOFS.h */,
				AD4606C60789911E00E8C5A3 /* OFSBaseObject.h */,
				AD4606C80789911E00E8C5A3 /* OFSChangeLog.h */,
				AD4606CA0789911E00E8C5A3 /* OFSFactoryContext.h */,
				AD4606CC0789911E00E8C5A3 /* OFSFactoryRegistry.h */,
				AD4606CE0789911E00E8C5A3 /* OFSFile.h */,
				AD4606D00789911E00E8C5A3 /* OFSFileRenderer.h */,
				AD4606D20789911E00E8C5A3 /* OFSFolder.h */,
				AD4606D50789911E00E8C5A3 /* OFSFolderClassDescription.h */,
				AD4606D70789911E00E8C5A3 /* OFSFolderDataSource.h */,
				AD4606D90789911E00E8C5A3 /* OFSHttpPasswd.h */,
				AD4606DB0789911E00E8C5A3 /* OFSImage.h */,
				AD4606DD0789911E00E8C5A3 /* OFSPropertyListObject.h */,
				AD4606DF0789911E00E8C5A3 /* OFSResourceManager.h */,
				AD4606E10789911E00E8C5A3 /* OFSWebDocument.h */,
				AD4606E30789911E00E8C5A3 /* OFSWebMethod.h */,
				AD4606E50789911E00E8C5A3 /* OFSWebMethodRenderer.h */,
				AD4606E70789911E00E8C5A3 /* OFSWebTemplate.h */,
			);
			fileEncoding = 5;
			indentWidth = 2;
			name = Headers;
			sourceTree = "<group>";
		};
		AD013C9E06E20E99000910D8 /* sope-core */ = {
			isa = PBXGroup;
			children = (
				ADD6610D06DA3D1F007161CA /* EOControl.framework */,
				AD0142CE06E21A3D000910D8 /* NGExtensions.framework */,
				AD013C2106E20D18000910D8 /* NGStreams.framework */,
			);
			name = "sope-core";
			sourceTree = "<group>";
		};
		AD013DD406E20EBA000910D8 /* sope-appserver */ = {
			isa = PBXGroup;
			children = (
				AD013C2006E20D18000910D8 /* NGObjWeb.framework */,
				AD013C2406E20D18000910D8 /* WEExtensions.framework */,
				AD013C2506E20D19000910D8 /* WOExtensions.framework */,
				AD013C1906E20D18000910D8 /* NGHttp.framework */,
				AD013C2306E20D18000910D8 /* WebDAV.framework */,
				AD460762078992EA00E8C5A3 /* SoObjects.framework */,
			);
			name = "sope-appserver";
			sourceTree = "<group>";
		};
		AD01401C06E20F1D000910D8 /* sope-mime */ = {
			isa = PBXGroup;
			children = (
				AD013C1B06E20D18000910D8 /* NGImap4.framework */,
				AD013C1D06E20D18000910D8 /* NGMail.framework */,
				AD013C1E06E20D18000910D8 /* NGMime.framework */,
			);
			name = "sope-mime";
			sourceTree = "<group>";
		};
		AD5529E5079447640037E121 /* sope tool */ = {
			isa = PBXGroup;
			children = (
				AD5529F0079447920037E121 /* Documentation */,
				AD5529ED0794478C0037E121 /* Classes */,
			);
			name = "sope tool";
			sourceTree = "<group>";
		};
		AD5529ED0794478C0037E121 /* Classes */ = {
			isa = PBXGroup;
			children = (
				AD5529E7079447830037E121 /* sope.m */,
			);
			name = Classes;
			sourceTree = "<group>";
		};
		AD5529F0079447920037E121 /* Documentation */ = {
			isa = PBXGroup;
			children = (
				AD5529E6079447830037E121 /* sope.8 */,
			);
			name = Documentation;
			sourceTree = "<group>";
		};
		AD77EC850C4F66880018A131 /* xcconfig */ = {
			isa = PBXGroup;
			children = (
				AD77EC860C4F66880018A131 /* Common.xcconfig */,
				AD77EC870C4F66880018A131 /* Development.xcconfig */,
				AD77EC880C4F66880018A131 /* Wrapper.xcconfig */,
			);
			name = xcconfig;
			path = ../../xcconfig;
			sourceTree = "<group>";
		};
		ADD65B6606DA32D6007161CA = {
			isa = PBXGroup;
			children = (
				AD013B8706E20AC5000910D8 /* README */,
				ADD65C8A06DA343C007161CA /* TODO */,
				ADD65C6F06DA343C007161CA /* ChangeLog */,
				ADD65C8B06DA343C007161CA /* Version */,
				ADD65C8E06DA344C007161CA /* Makefiles */,
				AD013C1806E20C17000910D8 /* Headers */,
				ADD65C9406DA34FF007161CA /* Classes */,
				ADD65D5D06DA37C7007161CA /* Resources */,
				AD5529E5079447640037E121 /* sope tool */,
				ADD65D5906DA372D007161CA /* Products */,
				ADD65F7306DA3C02007161CA /* Linked Frameworks */,
				AD77EC850C4F66880018A131 /* xcconfig */,
			);
			sourceTree = "<group>";
		};
		ADD65C8E06DA344C007161CA /* Makefiles */ = {
			isa = PBXGroup;
			children = (
				ADD65C7406DA343C007161CA /* GNUmakefile */,
				ADD65C7506DA343C007161CA /* GNUmakefile.preamble */,
				AD4604660789885D00E8C5A3 /* fhs.make */,
			);
			name = Makefiles;
			sourceTree = "<group>";
		};
		ADD65C9406DA34FF007161CA /* Classes */ = {
			isa = PBXGroup;
			children = (
				ADD65C7006DA343C007161CA /* common.h */,
				AD4606C70789911E00E8C5A3 /* OFSBaseObject.m */,
				AD4606C90789911E00E8C5A3 /* OFSChangeLog.m */,
				AD4606CB0789911E00E8C5A3 /* OFSFactoryContext.m */,
				AD4606CD0789911E00E8C5A3 /* OFSFactoryRegistry.m */,
				AD4606CF0789911E00E8C5A3 /* OFSFile.m */,
				AD4606D10789911E00E8C5A3 /* OFSFileRenderer.m */,
				AD4606D30789911E00E8C5A3 /* OFSFolder.m */,
				AD4606D40789911E00E8C5A3 /* OFSFolder+SoDAV.m */,
				AD4606D60789911E00E8C5A3 /* OFSFolderClassDescription.m */,
				AD4606D80789911E00E8C5A3 /* OFSFolderDataSource.m */,
				AD4606DA0789911E00E8C5A3 /* OFSHttpPasswd.m */,
				AD4606DC0789911E00E8C5A3 /* OFSImage.m */,
				AD4606DE0789911E00E8C5A3 /* OFSPropertyListObject.m */,
				AD4606E00789911E00E8C5A3 /* OFSResourceManager.m */,
				AD4606E20789911E00E8C5A3 /* OFSWebDocument.m */,
				AD4606E40789911E00E8C5A3 /* OFSWebMethod.m */,
				AD4606E60789911E00E8C5A3 /* OFSWebMethodRenderer.m */,
				AD4606E80789911E00E8C5A3 /* OFSWebTemplate.m */,
				AD4606EB0789911E00E8C5A3 /* SoOFSProduct.m */,
			);
			fileEncoding = 5;
			indentWidth = 2;
			name = Classes;
			sourceTree = "<group>";
			tabWidth = 2;
		};
		ADD65D5906DA372D007161CA /* Products */ = {
			isa = PBXGroup;
			children = (
				ADD65D5806DA372D007161CA /* SoOFS.framework */,
				AD5529E1079447410037E121 /* sope-4.7 */,
			);
			name = Products;
			sourceTree = "<group>";
		};
		ADD65D5D06DA37C7007161CA /* Resources */ = {
			isa = PBXGroup;
			children = (
				ADD65D5A06DA372D007161CA /* SoOFS-Info.plist */,
				AD4606E90789911E00E8C5A3 /* product.plist */,
			);
			name = Resources;
			sourceTree = "<group>";
		};
		ADD65F7306DA3C02007161CA /* Linked Frameworks */ = {
			isa = PBXGroup;
			children = (
				ADD65F7406DA3C51007161CA /* Foundation.framework */,
				ADD6603106DA3CE2007161CA /* sope-xml */,
				AD013C9E06E20E99000910D8 /* sope-core */,
				AD01401C06E20F1D000910D8 /* sope-mime */,
				AD013DD406E20EBA000910D8 /* sope-appserver */,
			);
			name = "Linked Frameworks";
			sourceTree = "<group>";
		};
		ADD6603106DA3CE2007161CA /* sope-xml */ = {
			isa = PBXGroup;
			children = (
				ADD65FE506DA3CDE007161CA /* DOM.framework */,
				ADD65FE606DA3CDE007161CA /* SaxObjC.framework */,
				ADD65FE706DA3CDE007161CA /* XmlRpc.framework */,
			);
			name = "sope-xml";
			sourceTree = "<group>";
		};
/* End PBXGroup section */

/* Begin PBXHeadersBuildPhase section */
		ADD65D5306DA372D007161CA /* Headers */ = {
			isa = PBXHeadersBuildPhase;
			buildActionMask = 2147483647;
			files = (
				ADD65F6406DA3AF6007161CA /* common.h in Headers */,
				AD4606EC0789911E00E8C5A3 /* OFSBaseObject.h in Headers */,
				AD4606EE0789911E00E8C5A3 /* OFSChangeLog.h in Headers */,
				AD4606F00789911E00E8C5A3 /* OFSFactoryContext.h in Headers */,
				AD4606F20789911E00E8C5A3 /* OFSFactoryRegistry.h in Headers */,
				AD4606F40789911E00E8C5A3 /* OFSFile.h in Headers */,
				AD4606F60789911E00E8C5A3 /* OFSFileRenderer.h in Headers */,
				AD4606F80789911E00E8C5A3 /* OFSFolder.h in Headers */,
				AD4606FB0789911E00E8C5A3 /* OFSFolderClassDescription.h in Headers */,
				AD4606FD0789911E00E8C5A3 /* OFSFolderDataSource.h in Headers */,
				AD4606FF0789911E00E8C5A3 /* OFSHttpPasswd.h in Headers */,
				AD4607010789911E00E8C5A3 /* OFSImage.h in Headers */,
				AD4607030789911E00E8C5A3 /* OFSPropertyListObject.h in Headers */,
				AD4607050789911E00E8C5A3 /* OFSResourceManager.h in Headers */,
				AD4607070789911E00E8C5A3 /* OFSWebDocument.h in Headers */,
				AD4607090789911E00E8C5A3 /* OFSWebMethod.h in Headers */,
				AD46070B0789911E00E8C5A3 /* OFSWebMethodRenderer.h in Headers */,
				AD46070D0789911E00E8C5A3 /* OFSWebTemplate.h in Headers */,
				AD4607100789911E00E8C5A3 /* SoOFS.h in Headers */,
			);
			runOnlyForDeploymentPostprocessing = 0;
		};
/* End PBXHeadersBuildPhase section */

/* Begin PBXNativeTarget section */
		AD5529E0079447410037E121 /* sope-tool */ = {
			isa = PBXNativeTarget;
			buildConfigurationList = ADA079A1085738F100993825 /* Build configuration list for PBXNativeTarget "sope-tool" */;
			buildPhases = (
				AD5529DE079447410037E121 /* Sources */,
				AD5529DF079447410037E121 /* Frameworks */,
			);
			buildRules = (
			);
			dependencies = (
			);
			name = "sope-tool";
			productName = sope;
			productReference = AD5529E1079447410037E121 /* sope-4.7 */;
			productType = "com.apple.product-type.tool";
		};
		ADD65D5706DA372D007161CA /* SoOFS */ = {
			isa = PBXNativeTarget;
			buildConfigurationList = ADA0799D085738F100993825 /* Build configuration list for PBXNativeTarget "SoOFS" */;
			buildPhases = (
				ADD65D5306DA372D007161CA /* Headers */,
				ADD65D5406DA372D007161CA /* Resources */,
				ADD65D5506DA372D007161CA /* Sources */,
				ADD65D5606DA372D007161CA /* Frameworks */,
			);
			buildRules = (
			);
			dependencies = (
			);
			name = SoOFS;
			productName = SoOFS;
			productReference = ADD65D5806DA372D007161CA /* SoOFS.framework */;
			productType = "com.apple.product-type.framework";
		};
/* End PBXNativeTarget section */

/* Begin PBXProject section */
		ADD65B6A06DA32D6007161CA /* Project object */ = {
			isa = PBXProject;
			buildConfigurationList = ADA079A5085738F100993825 /* Build configuration list for PBXProject "SoOFS" */;
			hasScannedForEncodings = 0;
			mainGroup = ADD65B6606DA32D6007161CA;
			productRefGroup = ADD65D5906DA372D007161CA /* Products */;
			projectDirPath = "";
			targets = (
				ADD65D5706DA372D007161CA /* SoOFS */,
				AD5529E0079447410037E121 /* sope-tool */,
			);
		};
/* End PBXProject section */

/* Begin PBXResourcesBuildPhase section */
		ADD65D5406DA372D007161CA /* Resources */ = {
			isa = PBXResourcesBuildPhase;
			buildActionMask = 2147483647;
			files = (
				ADD65F6706DA3B38007161CA /* TODO in Resources */,
				AD013B8C06E20AC5000910D8 /* README in Resources */,
				AD46070F0789911E00E8C5A3 /* product.plist in Resources */,
			);
			runOnlyForDeploymentPostprocessing = 0;
		};
/* End PBXResourcesBuildPhase section */

/* Begin PBXSourcesBuildPhase section */
		AD5529DE079447410037E121 /* Sources */ = {
			isa = PBXSourcesBuildPhase;
			buildActionMask = 2147483647;
			files = (
				AD5529F20794488A0037E121 /* sope.m in Sources */,
			);
			runOnlyForDeploymentPostprocessing = 0;
		};
		ADD65D5506DA372D007161CA /* Sources */ = {
			isa = PBXSourcesBuildPhase;
			buildActionMask = 2147483647;
			files = (
				AD4606ED0789911E00E8C5A3 /* OFSBaseObject.m in Sources */,
				AD4606EF0789911E00E8C5A3 /* OFSChangeLog.m in Sources */,
				AD4606F10789911E00E8C5A3 /* OFSFactoryContext.m in Sources */,
				AD4606F30789911E00E8C5A3 /* OFSFactoryRegistry.m in Sources */,
				AD4606F50789911E00E8C5A3 /* OFSFile.m in Sources */,
				AD4606F70789911E00E8C5A3 /* OFSFileRenderer.m in Sources */,
				AD4606F90789911E00E8C5A3 /* OFSFolder.m in Sources */,
				AD4606FA0789911E00E8C5A3 /* OFSFolder+SoDAV.m in Sources */,
				AD4606FC0789911E00E8C5A3 /* OFSFolderClassDescription.m in Sources */,
				AD4606FE0789911E00E8C5A3 /* OFSFolderDataSource.m in Sources */,
				AD4607000789911E00E8C5A3 /* OFSHttpPasswd.m in Sources */,
				AD4607020789911E00E8C5A3 /* OFSImage.m in Sources */,
				AD4607040789911E00E8C5A3 /* OFSPropertyListObject.m in Sources */,
				AD4607060789911E00E8C5A3 /* OFSResourceManager.m in Sources */,
				AD4607080789911E00E8C5A3 /* OFSWebDocument.m in Sources */,
				AD46070A0789911E00E8C5A3 /* OFSWebMethod.m in Sources */,
				AD46070C0789911E00E8C5A3 /* OFSWebMethodRenderer.m in Sources */,
				AD46070E0789911E00E8C5A3 /* OFSWebTemplate.m in Sources */,
				ADE806E20789F76900633840 /* SoOFSProduct.m in Sources */,
			);
			runOnlyForDeploymentPostprocessing = 0;
		};
/* End PBXSourcesBuildPhase section */

/* Begin XCBuildConfiguration section */
		ADA0799E085738F100993825 /* Development */ = {
			isa = XCBuildConfiguration;
			baseConfigurationReference = AD77EC870C4F66880018A131 /* Development.xcconfig */;
			buildSettings = {
				DYLIB_COMPATIBILITY_VERSION = "$(SOPE_MAJOR_VERSION).$(SOPE_MINOR_VERSION).0";
				DYLIB_CURRENT_VERSION = "$(SOPE_MAJOR_VERSION).$(SOPE_MINOR_VERSION).25";
				FRAMEWORK_VERSION = A;
				GCC_PRECOMPILE_PREFIX_HEADER = YES;
				GCC_PREFIX_HEADER = common.h;
				INFOPLIST_FILE = "SoOFS-Info.plist";
				OTHER_CFLAGS = (
					"$(OTHER_CFLAGS)",
					"-DXCODE_BUILD=1",
				);
				OTHER_LDFLAGS = (
					"$(OTHER_LDFLAGS)",
					"-seg1addr",
					0xC3A00000,
					"-headerpad_max_install_names",
				);
				PRODUCT_NAME = SoOFS;
			};
			name = Development;
		};
		ADA0799F085738F100993825 /* Wrapper */ = {
			isa = XCBuildConfiguration;
			baseConfigurationReference = AD77EC880C4F66880018A131 /* Wrapper.xcconfig */;
			buildSettings = {
				DYLIB_COMPATIBILITY_VERSION = "$(SOPE_MAJOR_VERSION).$(SOPE_MINOR_VERSION).0";
				DYLIB_CURRENT_VERSION = "$(SOPE_MAJOR_VERSION).$(SOPE_MINOR_VERSION).25";
				FRAMEWORK_VERSION = A;
				GCC_PRECOMPILE_PREFIX_HEADER = YES;
				GCC_PREFIX_HEADER = common.h;
				INFOPLIST_FILE = "SoOFS-Info.plist";
				OTHER_CFLAGS = (
					"$(OTHER_CFLAGS)",
					"-DXCODE_BUILD=1",
				);
				OTHER_LDFLAGS = (
					"$(OTHER_LDFLAGS)",
					"-seg1addr",
					0xC3A00000,
					"-headerpad_max_install_names",
				);
				PRODUCT_NAME = SoOFS;
			};
			name = Wrapper;
		};
		ADA079A2085738F100993825 /* Development */ = {
			isa = XCBuildConfiguration;
			baseConfigurationReference = AD77EC870C4F66880018A131 /* Development.xcconfig */;
			buildSettings = {
				INSTALL_PATH = /usr/local/bin;
				PRODUCT_NAME = "sope-$(SOPE_MAJOR_VERSION).$(SOPE_MINOR_VERSION)";
			};
			name = Development;
		};
		ADA079A3085738F100993825 /* Wrapper */ = {
			isa = XCBuildConfiguration;
			baseConfigurationReference = AD77EC880C4F66880018A131 /* Wrapper.xcconfig */;
			buildSettings = {
				INSTALL_PATH = /usr/local/bin;
				PRODUCT_NAME = "sope-$(SOPE_MAJOR_VERSION).$(SOPE_MINOR_VERSION)";
			};
			name = Wrapper;
		};
		ADA079A6085738F100993825 /* Development */ = {
			isa = XCBuildConfiguration;
			buildSettings = {
			};
			name = Development;
		};
		ADA079A7085738F100993825 /* Wrapper */ = {
			isa = XCBuildConfiguration;
			buildSettings = {
			};
			name = Wrapper;
		};
/* End XCBuildConfiguration section */

/* Begin XCConfigurationList section */
		ADA0799D085738F100993825 /* Build configuration list for PBXNativeTarget "SoOFS" */ = {
			isa = XCConfigurationList;
			buildConfigurations = (
				ADA0799E085738F100993825 /* Development */,
				ADA0799F085738F100993825 /* Wrapper */,
			);
			defaultConfigurationIsVisible = 0;
			defaultConfigurationName = Development;
		};
		ADA079A1085738F100993825 /* Build configuration list for PBXNativeTarget "sope-tool" */ = {
			isa = XCConfigurationList;
			buildConfigurations = (
				ADA079A2085738F100993825 /* Development */,
				ADA079A3085738F100993825 /* Wrapper */,
			);
			defaultConfigurationIsVisible = 0;
			defaultConfigurationName = Development;
		};
		ADA079A5085738F100993825 /* Build configuration list for PBXProject "SoOFS" */ = {
			isa = XCConfigurationList;
			buildConfigurations = (
				ADA079A6085738F100993825 /* Development */,
				ADA079A7085738F100993825 /* Wrapper */,
			);
			defaultConfigurationIsVisible = 0;
			defaultConfigurationName = Development;
		};
/* End XCConfigurationList section */
	};
	rootObject = ADD65B6A06DA32D6007161CA /* Project object */;
}
