// !$*UTF8*$!
{
	archiveVersion = 1;
	classes = {
	};
	objectVersion = 42;
	objects = {

/* Begin PBXBuildFile section */
		8DC2EF510486A6940098B216 /* common.h in Headers */ = {isa = PBXBuildFile; fileRef = 32DBCF5E0370ADEE00C91783 /* common.h */; };
		8DC2EF530486A6940098B216 /* InfoPlist.strings in Resources */ = {isa = PBXBuildFile; fileRef = 089C1666FE841158C02AAC07 /* InfoPlist.strings */; };
		8DC2EF570486A6940098B216 /* Cocoa.framework in Frameworks */ = {isa = PBXBuildFile; fileRef = 1058C7B1FEA5585E11CA2CBB /* Cocoa.framework */; };
		AD0A625A05FE1D5F0067C575 /* SOPEXConsole.toolbar in Resources */ = {isa = PBXBuildFile; fileRef = AD0A625905FE1D5F0067C575 /* SOPEXConsole.toolbar */; };
		AD0A625C05FE20950067C575 /* Clean.tiff in Resources */ = {isa = PBXBuildFile; fileRef = AD0A625B05FE20950067C575 /* Clean.tiff */; };
		AD1800BB0610B3A800ED723F /* SOPEXRangeUtilities.h in Headers */ = {isa = PBXBuildFile; fileRef = AD1800B90610B3A800ED723F /* SOPEXRangeUtilities.h */; settings = {ATTRIBUTES = (Public, ); }; };
		AD1800BC0610B3A800ED723F /* SOPEXRangeUtilities.m in Sources */ = {isa = PBXBuildFile; fileRef = AD1800BA0610B3A800ED723F /* SOPEXRangeUtilities.m */; };
		AD2289EB069EC43900B9E12F /* SOPEXBrowserController.h in Headers */ = {isa = PBXBuildFile; fileRef = AD2289E9069EC43900B9E12F /* SOPEXBrowserController.h */; };
		AD2289EC069EC43900B9E12F /* SOPEXBrowserController.m in Sources */ = {isa = PBXBuildFile; fileRef = AD2289EA069EC43900B9E12F /* SOPEXBrowserController.m */; };
		AD3FED13060F53C200A90173 /* WebView+Ext.h in Headers */ = {isa = PBXBuildFile; fileRef = AD3FED11060F53C200A90173 /* WebView+Ext.h */; settings = {ATTRIBUTES = (); }; };
		AD3FED14060F53C200A90173 /* WebView+Ext.m in Sources */ = {isa = PBXBuildFile; fileRef = AD3FED12060F53C200A90173 /* WebView+Ext.m */; };
		AD3FED17060F554300A90173 /* SOPEXBrowserWindow.h in Headers */ = {isa = PBXBuildFile; fileRef = AD3FED15060F554300A90173 /* SOPEXBrowserWindow.h */; settings = {ATTRIBUTES = (Public, ); }; };
		AD3FED18060F554300A90173 /* SOPEXBrowserWindow.m in Sources */ = {isa = PBXBuildFile; fileRef = AD3FED16060F554300A90173 /* SOPEXBrowserWindow.m */; };
		AD5C3D2606454EFD00E9BFC5 /* Localizable.strings in Resources */ = {isa = PBXBuildFile; fileRef = AD5C3D2506454EFD00E9BFC5 /* Localizable.strings */; };
		AD7FDDFF069EE59A00B1BC36 /* SOPEXBrowserController.nib in Resources */ = {isa = PBXBuildFile; fileRef = AD7FDDFD069EE59A00B1BC36 /* SOPEXBrowserController.nib */; };
		AD81AD030621878E00550A49 /* SOPEXContentValidator.h in Headers */ = {isa = PBXBuildFile; fileRef = AD81AD010621878E00550A49 /* SOPEXContentValidator.h */; settings = {ATTRIBUTES = (Public, ); }; };
		AD81AD040621878E00550A49 /* SOPEXContentValidator.m in Sources */ = {isa = PBXBuildFile; fileRef = AD81AD020621878E00550A49 /* SOPEXContentValidator.m */; };
		AD92104C060F3A01001C0B56 /* NSString+Ext.h in Headers */ = {isa = PBXBuildFile; fileRef = AD92104A060F3A01001C0B56 /* NSString+Ext.h */; };
		AD92104D060F3A02001C0B56 /* NSString+Ext.m in Sources */ = {isa = PBXBuildFile; fileRef = AD92104B060F3A01001C0B56 /* NSString+Ext.m */; };
		ADA28C0907537617009E5623 /* DOM.framework in Frameworks */ = {isa = PBXBuildFile; fileRef = ADA28BFA07537617009E5623 /* DOM.framework */; };
		ADA28C0A07537617009E5623 /* EOControl.framework in Frameworks */ = {isa = PBXBuildFile; fileRef = ADA28BFB07537617009E5623 /* EOControl.framework */; };
		ADA28C0B07537617009E5623 /* NGExtensions.framework in Frameworks */ = {isa = PBXBuildFile; fileRef = ADA28BFC07537617009E5623 /* NGExtensions.framework */; };
		ADA28C0C07537617009E5623 /* NGHttp.framework in Frameworks */ = {isa = PBXBuildFile; fileRef = ADA28BFD07537617009E5623 /* NGHttp.framework */; };
		ADA28C0D07537617009E5623 /* NGImap4.framework in Frameworks */ = {isa = PBXBuildFile; fileRef = ADA28BFE07537617009E5623 /* NGImap4.framework */; };
		ADA28C0E07537617009E5623 /* NGMail.framework in Frameworks */ = {isa = PBXBuildFile; fileRef = ADA28BFF07537617009E5623 /* NGMail.framework */; };
		ADA28C0F07537617009E5623 /* NGMime.framework in Frameworks */ = {isa = PBXBuildFile; fileRef = ADA28C0007537617009E5623 /* NGMime.framework */; };
		ADA28C1107537617009E5623 /* NGObjWeb.framework in Frameworks */ = {isa = PBXBuildFile; fileRef = ADA28C0207537617009E5623 /* NGObjWeb.framework */; };
		ADA28C1207537617009E5623 /* NGStreams.framework in Frameworks */ = {isa = PBXBuildFile; fileRef = ADA28C0307537617009E5623 /* NGStreams.framework */; };
		ADA28C1307537617009E5623 /* NGXmlRpc.framework in Frameworks */ = {isa = PBXBuildFile; fileRef = ADA28C0407537617009E5623 /* NGXmlRpc.framework */; };
		ADA28C1407537617009E5623 /* SaxObjC.framework in Frameworks */ = {isa = PBXBuildFile; fileRef = ADA28C0507537617009E5623 /* SaxObjC.framework */; };
		ADA28C1507537617009E5623 /* SoObjects.framework in Frameworks */ = {isa = PBXBuildFile; fileRef = ADA28C0607537617009E5623 /* SoObjects.framework */; };
		ADA28C1607537617009E5623 /* WebDAV.framework in Frameworks */ = {isa = PBXBuildFile; fileRef = ADA28C0707537617009E5623 /* WebDAV.framework */; };
		ADA28C1707537617009E5623 /* XmlRpc.framework in Frameworks */ = {isa = PBXBuildFile; fileRef = ADA28C0807537617009E5623 /* XmlRpc.framework */; };
		ADB2C74B0754D6AD00A22ED7 /* SOPEXConsoleAppender.m in Sources */ = {isa = PBXBuildFile; fileRef = ADB2C7490754D6AD00A22ED7 /* SOPEXConsoleAppender.m */; };
		ADB2D3630754E31300A22ED7 /* SOPEXConsoleEventFormatter.m in Sources */ = {isa = PBXBuildFile; fileRef = ADB2D3610754E31300A22ED7 /* SOPEXConsoleEventFormatter.m */; };
		ADB2D6E307565D7800A22ED7 /* TODO in Resources */ = {isa = PBXBuildFile; fileRef = ADB2D6E207565D7800A22ED7 /* TODO */; };
		ADB592E8061C598E0094D980 /* SOPEXTextView.h in Headers */ = {isa = PBXBuildFile; fileRef = ADB592E6061C598E0094D980 /* SOPEXTextView.h */; settings = {ATTRIBUTES = (Public, ); }; };
		ADB592E9061C598E0094D980 /* SOPEXTextView.m in Sources */ = {isa = PBXBuildFile; fileRef = ADB592E7061C598E0094D980 /* SOPEXTextView.m */; };
		ADD5D7C606453B3400CCCB8C /* NSBundle+Ext.h in Headers */ = {isa = PBXBuildFile; fileRef = ADD5D7C406453B3400CCCB8C /* NSBundle+Ext.h */; };
		ADD5D7C706453B3400CCCB8C /* NSBundle+Ext.m in Sources */ = {isa = PBXBuildFile; fileRef = ADD5D7C506453B3400CCCB8C /* NSBundle+Ext.m */; };
		ADDCA0CB0618850C00DEBECD /* SOPEXSheetRunner.h in Headers */ = {isa = PBXBuildFile; fileRef = ADDCA0C90618850C00DEBECD /* SOPEXSheetRunner.h */; settings = {ATTRIBUTES = (Public, ); }; };
		ADDCA0CC0618850C00DEBECD /* SOPEXSheetRunner.m in Sources */ = {isa = PBXBuildFile; fileRef = ADDCA0CA0618850C00DEBECD /* SOPEXSheetRunner.m */; };
		ADDFB36105DC4D7B005FB28D /* SOPEXConsole.h in Headers */ = {isa = PBXBuildFile; fileRef = ADDFB35205DC4D7B005FB28D /* SOPEXConsole.h */; settings = {ATTRIBUTES = (Public, ); }; };
		ADDFB36205DC4D7B005FB28D /* SOPEXConsole.m in Sources */ = {isa = PBXBuildFile; fileRef = ADDFB35305DC4D7B005FB28D /* SOPEXConsole.m */; };
		ADDFB36305DC4D7B005FB28D /* SOPEXAppController.h in Headers */ = {isa = PBXBuildFile; fileRef = ADDFB35405DC4D7B005FB28D /* SOPEXAppController.h */; settings = {ATTRIBUTES = (Public, ); }; };
		ADDFB36405DC4D7B005FB28D /* SOPEXAppController.m in Sources */ = {isa = PBXBuildFile; fileRef = ADDFB35505DC4D7B005FB28D /* SOPEXAppController.m */; };
		ADDFB36505DC4D7B005FB28D /* Lori.icns in Resources */ = {isa = PBXBuildFile; fileRef = ADDFB35605DC4D7B005FB28D /* Lori.icns */; };
		ADDFB36605DC4D7B005FB28D /* Reload.tiff in Resources */ = {isa = PBXBuildFile; fileRef = ADDFB35705DC4D7B005FB28D /* Reload.tiff */; };
		ADDFB36905DC4D7B005FB28D /* SOPEXStatisticsController.h in Headers */ = {isa = PBXBuildFile; fileRef = ADDFB35A05DC4D7B005FB28D /* SOPEXStatisticsController.h */; settings = {ATTRIBUTES = (Public, ); }; };
		ADDFB36A05DC4D7B005FB28D /* SOPEXStatisticsController.m in Sources */ = {isa = PBXBuildFile; fileRef = ADDFB35B05DC4D7B005FB28D /* SOPEXStatisticsController.m */; };
		ADDFB36B05DC4D7B005FB28D /* SOPEXAuthPanel.h in Headers */ = {isa = PBXBuildFile; fileRef = ADDFB35C05DC4D7B005FB28D /* SOPEXAuthPanel.h */; settings = {ATTRIBUTES = (Public, ); }; };
		ADDFB36C05DC4D7B005FB28D /* SOPEXAuthPanel.m in Sources */ = {isa = PBXBuildFile; fileRef = ADDFB35D05DC4D7B005FB28D /* SOPEXAuthPanel.m */; };
		ADDFB36D05DC4D7B005FB28D /* SOPEXToolbarController.h in Headers */ = {isa = PBXBuildFile; fileRef = ADDFB35E05DC4D7B005FB28D /* SOPEXToolbarController.h */; settings = {ATTRIBUTES = (Public, ); }; };
		ADDFB36E05DC4D7B005FB28D /* SOPEXToolbarController.m in Sources */ = {isa = PBXBuildFile; fileRef = ADDFB35F05DC4D7B005FB28D /* SOPEXToolbarController.m */; };
		ADDFB37605DC4E58005FB28D /* SOPEXWebConnection.h in Headers */ = {isa = PBXBuildFile; fileRef = ADDFB37205DC4E58005FB28D /* SOPEXWebConnection.h */; settings = {ATTRIBUTES = (Public, ); }; };
		ADDFB37705DC4E58005FB28D /* SOPEXWebConnection.m in Sources */ = {isa = PBXBuildFile; fileRef = ADDFB37305DC4E58005FB28D /* SOPEXWebConnection.m */; };
		ADDFB37805DC4E58005FB28D /* SOPEXWebMetaParser.h in Headers */ = {isa = PBXBuildFile; fileRef = ADDFB37405DC4E58005FB28D /* SOPEXWebMetaParser.h */; settings = {ATTRIBUTES = (Public, ); }; };
		ADDFB37905DC4E58005FB28D /* SOPEXWebMetaParser.m in Sources */ = {isa = PBXBuildFile; fileRef = ADDFB37505DC4E58005FB28D /* SOPEXWebMetaParser.m */; };
		ADDFB3B305DC508E005FB28D /* WebKit.framework in Frameworks */ = {isa = PBXBuildFile; fileRef = ADDFB3B205DC508E005FB28D /* WebKit.framework */; };
		ADDFB3F405DC513A005FB28D /* README in Resources */ = {isa = PBXBuildFile; fileRef = ADDFB3F305DC513A005FB28D /* README */; };
		ADDFB3F605DC517A005FB28D /* PROJECTLEAD in Resources */ = {isa = PBXBuildFile; fileRef = ADDFB3F505DC517A005FB28D /* PROJECTLEAD */; };
		ADDFB3F805DC51A0005FB28D /* ChangeLog in Resources */ = {isa = PBXBuildFile; fileRef = ADDFB3F705DC51A0005FB28D /* ChangeLog */; };
		ADDFB3FA05DC51BD005FB28D /* Version in Resources */ = {isa = PBXBuildFile; fileRef = ADDFB3F905DC51BD005FB28D /* Version */; };
		ADDFB3FC05DC51F6005FB28D /* COPYING in Resources */ = {isa = PBXBuildFile; fileRef = ADDFB3FB05DC51F6005FB28D /* COPYING */; };
		ADDFB3FE05DC521A005FB28D /* COPYRIGHT in Resources */ = {isa = PBXBuildFile; fileRef = ADDFB3FD05DC521A005FB28D /* COPYRIGHT */; };
		ADDFB42305DC532D005FB28D /* SOPEXConsole.nib in Resources */ = {isa = PBXBuildFile; fileRef = ADDFB41B05DC532D005FB28D /* SOPEXConsole.nib */; };
		ADDFB42505DC532D005FB28D /* SOPEXStatisticsNatLang.plist in Resources */ = {isa = PBXBuildFile; fileRef = ADDFB41F05DC532D005FB28D /* SOPEXStatisticsNatLang.plist */; };
		ADDFB42605DC532D005FB28D /* SOPEXStats.nib in Resources */ = {isa = PBXBuildFile; fileRef = ADDFB42105DC532D005FB28D /* SOPEXStats.nib */; };
		ADDFB42805DC534C005FB28D /* SOPEXWebUI.toolbar in Resources */ = {isa = PBXBuildFile; fileRef = ADDFB42705DC534C005FB28D /* SOPEXWebUI.toolbar */; };
		ADDFB45305DC5555005FB28D /* SOPEXConstants.h in Headers */ = {isa = PBXBuildFile; fileRef = ADDFB45105DC5555005FB28D /* SOPEXConstants.h */; settings = {ATTRIBUTES = (Public, ); }; };
		ADDFB45405DC5555005FB28D /* SOPEXConstants.m in Sources */ = {isa = PBXBuildFile; fileRef = ADDFB45205DC5555005FB28D /* SOPEXConstants.m */; };
		ADDFB49105DC5A05005FB28D /* SOPEX.h in Headers */ = {isa = PBXBuildFile; fileRef = ADDFB48F05DC5A05005FB28D /* SOPEX.h */; settings = {ATTRIBUTES = (Public, ); }; };
		ADEE3D8805DCF8C800F523DB /* SOPEXMain.m in Sources */ = {isa = PBXBuildFile; fileRef = ADEE3D8705DCF8C800F523DB /* SOPEXMain.m */; };
		ADEE3DAD05DCFD0800F523DB /* SOPEXMain.h in Headers */ = {isa = PBXBuildFile; fileRef = ADEE3DAB05DCFD0800F523DB /* SOPEXMain.h */; settings = {ATTRIBUTES = (Public, ); }; };
		ADFA08B40614635A00E216F9 /* SOPEXDocument.h in Headers */ = {isa = PBXBuildFile; fileRef = ADFA08B20614635A00E216F9 /* SOPEXDocument.h */; settings = {ATTRIBUTES = (Public, ); }; };
		ADFA08B50614635A00E216F9 /* SOPEXDocument.m in Sources */ = {isa = PBXBuildFile; fileRef = ADFA08B30614635A00E216F9 /* SOPEXDocument.m */; };
		ADFA08BC0614771F00E216F9 /* SOPEXWODocument.h in Headers */ = {isa = PBXBuildFile; fileRef = ADFA08BA0614771F00E216F9 /* SOPEXWODocument.h */; settings = {ATTRIBUTES = (Public, ); }; };
		ADFA08BD0614771F00E216F9 /* SOPEXWODocument.m in Sources */ = {isa = PBXBuildFile; fileRef = ADFA08BB0614771F00E216F9 /* SOPEXWODocument.m */; };
		ADFA08C0061482D800E216F9 /* SOPEXWOXDocument.h in Headers */ = {isa = PBXBuildFile; fileRef = ADFA08BE061482D800E216F9 /* SOPEXWOXDocument.h */; settings = {ATTRIBUTES = (Public, ); }; };
		ADFA08C1061482D800E216F9 /* SOPEXWOXDocument.m in Sources */ = {isa = PBXBuildFile; fileRef = ADFA08BF061482D800E216F9 /* SOPEXWOXDocument.m */; };
/* End PBXBuildFile section */

/* Begin PBXFileReference section */
		089C1667FE841158C02AAC07 /* English */ = {isa = PBXFileReference; fileEncoding = 10; lastKnownFileType = text.plist.strings; name = English; path = English.lproj/InfoPlist.strings; sourceTree = "<group>"; };
		1058C7B1FEA5585E11CA2CBB /* Cocoa.framework */ = {isa = PBXFileReference; lastKnownFileType = wrapper.framework; name = Cocoa.framework; path = /System/Library/Frameworks/Cocoa.framework; sourceTree = "<absolute>"; };
		32DBCF5E0370ADEE00C91783 /* common.h */ = {isa = PBXFileReference; fileEncoding = 4; indentWidth = 2; lastKnownFileType = sourcecode.c.h; path = common.h; sourceTree = "<group>"; };
		8DC2EF5A0486A6940098B216 /* Info.plist */ = {isa = PBXFileReference; fileEncoding = 4; lastKnownFileType = text.plist; path = Info.plist; sourceTree = "<group>"; };
		8DC2EF5B0486A6940098B216 /* SOPEX.framework */ = {isa = PBXFileReference; explicitFileType = wrapper.framework; includeInIndex = 0; path = SOPEX.framework; sourceTree = BUILT_PRODUCTS_DIR; };
		AD0A625705FE1D410067C575 /* English */ = {isa = PBXFileReference; explicitFileType = text.plist; fileEncoding = 4; name = English; path = English.lproj/SOPEXConsole.toolbar; sourceTree = "<group>"; };
		AD0A625B05FE20950067C575 /* Clean.tiff */ = {isa = PBXFileReference; lastKnownFileType = image.tiff; path = Clean.tiff; sourceTree = "<group>"; };
		AD1800B90610B3A800ED723F /* SOPEXRangeUtilities.h */ = {isa = PBXFileReference; fileEncoding = 4; lastKnownFileType = sourcecode.c.h; path = SOPEXRangeUtilities.h; sourceTree = "<group>"; };
		AD1800BA0610B3A800ED723F /* SOPEXRangeUtilities.m */ = {isa = PBXFileReference; fileEncoding = 4; lastKnownFileType = sourcecode.c.objc; path = SOPEXRangeUtilities.m; sourceTree = "<group>"; };
		AD2289E9069EC43900B9E12F /* SOPEXBrowserController.h */ = {isa = PBXFileReference; fileEncoding = 4; lastKnownFileType = sourcecode.c.h; path = SOPEXBrowserController.h; sourceTree = "<group>"; };
		AD2289EA069EC43900B9E12F /* SOPEXBrowserController.m */ = {isa = PBXFileReference; fileEncoding = 4; lastKnownFileType = sourcecode.c.objc; path = SOPEXBrowserController.m; sourceTree = "<group>"; };
		AD3FED11060F53C200A90173 /* WebView+Ext.h */ = {isa = PBXFileReference; fileEncoding = 4; lastKnownFileType = sourcecode.c.h; path = "WebView+Ext.h"; sourceTree = "<group>"; };
		AD3FED12060F53C200A90173 /* WebView+Ext.m */ = {isa = PBXFileReference; fileEncoding = 4; lastKnownFileType = sourcecode.c.objc; path = "WebView+Ext.m"; sourceTree = "<group>"; };
		AD3FED15060F554300A90173 /* SOPEXBrowserWindow.h */ = {isa = PBXFileReference; fileEncoding = 4; lastKnownFileType = sourcecode.c.h; path = SOPEXBrowserWindow.h; sourceTree = "<group>"; };
		AD3FED16060F554300A90173 /* SOPEXBrowserWindow.m */ = {isa = PBXFileReference; fileEncoding = 4; lastKnownFileType = sourcecode.c.objc; path = SOPEXBrowserWindow.m; sourceTree = "<group>"; };
		AD5833BC0C4F83E300745D88 /* Common.xcconfig */ = {isa = PBXFileReference; fileEncoding = 5; lastKnownFileType = text.xcconfig; path = Common.xcconfig; sourceTree = "<group>"; };
		AD5833BD0C4F83E300745D88 /* Development.xcconfig */ = {isa = PBXFileReference; fileEncoding = 5; lastKnownFileType = text.xcconfig; path = Development.xcconfig; sourceTree = "<group>"; };
		AD5833BE0C4F83E300745D88 /* Wrapper.xcconfig */ = {isa = PBXFileReference; fileEncoding = 5; lastKnownFileType = text.xcconfig; path = Wrapper.xcconfig; sourceTree = "<group>"; };
		AD5C3D2306454EBE00E9BFC5 /* English */ = {isa = PBXFileReference; fileEncoding = 10; lastKnownFileType = text.plist.strings; name = English; path = English.lproj/Localizable.strings; sourceTree = "<group>"; };
		AD7FDDFE069EE59A00B1BC36 /* SOPEXBrowserController.nib */ = {isa = PBXFileReference; lastKnownFileType = wrapper.nib; name = SOPEXBrowserController.nib; path = English.lproj/SOPEXBrowserController.nib; sourceTree = "<group>"; };
		AD81AD010621878E00550A49 /* SOPEXContentValidator.h */ = {isa = PBXFileReference; fileEncoding = 4; lastKnownFileType = sourcecode.c.h; path = SOPEXContentValidator.h; sourceTree = "<group>"; };
		AD81AD020621878E00550A49 /* SOPEXContentValidator.m */ = {isa = PBXFileReference; fileEncoding = 4; lastKnownFileType = sourcecode.c.objc; path = SOPEXContentValidator.m; sourceTree = "<group>"; };
		AD92104A060F3A01001C0B56 /* NSString+Ext.h */ = {isa = PBXFileReference; fileEncoding = 4; lastKnownFileType = sourcecode.c.h; path = "NSString+Ext.h"; sourceTree = "<group>"; };
		AD92104B060F3A01001C0B56 /* NSString+Ext.m */ = {isa = PBXFileReference; fileEncoding = 4; lastKnownFileType = sourcecode.c.objc; path = "NSString+Ext.m"; sourceTree = "<group>"; };
		ADA28BFA07537617009E5623 /* DOM.framework */ = {isa = PBXFileReference; lastKnownFileType = wrapper.framework; name = DOM.framework; path = "$(USER_LIBRARY_DIR)/EmbeddedFrameworks/Wrapper/DOM.framework"; sourceTree = "<absolute>"; };
		ADA28BFB07537617009E5623 /* EOControl.framework */ = {isa = PBXFileReference; lastKnownFileType = wrapper.framework; name = EOControl.framework; path = "$(USER_LIBRARY_DIR)/EmbeddedFrameworks/Wrapper/EOControl.framework"; sourceTree = "<absolute>"; };
		ADA28BFC07537617009E5623 /* NGExtensions.framework */ = {isa = PBXFileReference; lastKnownFileType = wrapper.framework; name = NGExtensions.framework; path = "$(USER_LIBRARY_DIR)/EmbeddedFrameworks/Wrapper/NGExtensions.framework"; sourceTree = "<absolute>"; };
		ADA28BFD07537617009E5623 /* NGHttp.framework */ = {isa = PBXFileReference; lastKnownFileType = wrapper.framework; name = NGHttp.framework; path = "$(USER_LIBRARY_DIR)/EmbeddedFrameworks/Wrapper/NGHttp.framework"; sourceTree = "<absolute>"; };
		ADA28BFE07537617009E5623 /* NGImap4.framework */ = {isa = PBXFileReference; lastKnownFileType = wrapper.framework; name = NGImap4.framework; path = "$(USER_LIBRARY_DIR)/EmbeddedFrameworks/Wrapper/NGImap4.framework"; sourceTree = "<absolute>"; };
		ADA28BFF07537617009E5623 /* NGMail.framework */ = {isa = PBXFileReference; lastKnownFileType = wrapper.framework; name = NGMail.framework; path = "$(USER_LIBRARY_DIR)/EmbeddedFrameworks/Wrapper/NGMail.framework"; sourceTree = "<absolute>"; };
		ADA28C0007537617009E5623 /* NGMime.framework */ = {isa = PBXFileReference; lastKnownFileType = wrapper.framework; name = NGMime.framework; path = "$(USER_LIBRARY_DIR)/EmbeddedFrameworks/Wrapper/NGMime.framework"; sourceTree = "<absolute>"; };
		ADA28C0207537617009E5623 /* NGObjWeb.framework */ = {isa = PBXFileReference; lastKnownFileType = wrapper.framework; name = NGObjWeb.framework; path = "$(USER_LIBRARY_DIR)/EmbeddedFrameworks/Wrapper/NGObjWeb.framework"; sourceTree = "<absolute>"; };
		ADA28C0307537617009E5623 /* NGStreams.framework */ = {isa = PBXFileReference; lastKnownFileType = wrapper.framework; name = NGStreams.framework; path = "$(USER_LIBRARY_DIR)/EmbeddedFrameworks/Wrapper/NGStreams.framework"; sourceTree = "<absolute>"; };
		ADA28C0407537617009E5623 /* NGXmlRpc.framework */ = {isa = PBXFileReference; lastKnownFileType = wrapper.framework; name = NGXmlRpc.framework; path = "$(USER_LIBRARY_DIR)/EmbeddedFrameworks/Wrapper/NGXmlRpc.framework"; sourceTree = "<absolute>"; };
		ADA28C0507537617009E5623 /* SaxObjC.framework */ = {isa = PBXFileReference; lastKnownFileType = wrapper.framework; name = SaxObjC.framework; path = "$(USER_LIBRARY_DIR)/EmbeddedFrameworks/Wrapper/SaxObjC.framework"; sourceTree = "<absolute>"; };
		ADA28C0607537617009E5623 /* SoObjects.framework */ = {isa = PBXFileReference; lastKnownFileType = wrapper.framework; name = SoObjects.framework; path = "$(USER_LIBRARY_DIR)/EmbeddedFrameworks/Wrapper/SoObjects.framework"; sourceTree = "<absolute>"; };
		ADA28C0707537617009E5623 /* WebDAV.framework */ = {isa = PBXFileReference; lastKnownFileType = wrapper.framework; name = WebDAV.framework; path = "$(USER_LIBRARY_DIR)/EmbeddedFrameworks/Wrapper/WebDAV.framework"; sourceTree = "<absolute>"; };
		ADA28C0807537617009E5623 /* XmlRpc.framework */ = {isa = PBXFileReference; lastKnownFileType = wrapper.framework; name = XmlRpc.framework; path = "$(USER_LIBRARY_DIR)/EmbeddedFrameworks/Wrapper/XmlRpc.framework"; sourceTree = "<absolute>"; };
		ADB2C7490754D6AD00A22ED7 /* SOPEXConsoleAppender.m */ = {isa = PBXFileReference; fileEncoding = 4; lastKnownFileType = sourcecode.c.objc; path = SOPEXConsoleAppender.m; sourceTree = "<group>"; };
		ADB2D3610754E31300A22ED7 /* SOPEXConsoleEventFormatter.m */ = {isa = PBXFileReference; fileEncoding = 4; lastKnownFileType = sourcecode.c.objc; path = SOPEXConsoleEventFormatter.m; sourceTree = "<group>"; };
		ADB2D6E207565D7800A22ED7 /* TODO */ = {isa = PBXFileReference; fileEncoding = 4; lastKnownFileType = text; path = TODO; sourceTree = "<group>"; };
		ADB2D6E407565D8500A22ED7 /* CHANGES */ = {isa = PBXFileReference; fileEncoding = 4; lastKnownFileType = text; path = CHANGES; sourceTree = "<group>"; };
		ADB592E6061C598E0094D980 /* SOPEXTextView.h */ = {isa = PBXFileReference; fileEncoding = 4; lastKnownFileType = sourcecode.c.h; path = SOPEXTextView.h; sourceTree = "<group>"; };
		ADB592E7061C598E0094D980 /* SOPEXTextView.m */ = {isa = PBXFileReference; fileEncoding = 4; lastKnownFileType = sourcecode.c.objc; path = SOPEXTextView.m; sourceTree = "<group>"; };
		ADD5D7C406453B3400CCCB8C /* NSBundle+Ext.h */ = {isa = PBXFileReference; fileEncoding = 4; lastKnownFileType = sourcecode.c.h; path = "NSBundle+Ext.h"; sourceTree = "<group>"; };
		ADD5D7C506453B3400CCCB8C /* NSBundle+Ext.m */ = {isa = PBXFileReference; fileEncoding = 4; lastKnownFileType = sourcecode.c.objc; path = "NSBundle+Ext.m"; sourceTree = "<group>"; };
		ADDCA0C90618850C00DEBECD /* SOPEXSheetRunner.h */ = {isa = PBXFileReference; fileEncoding = 4; lastKnownFileType = sourcecode.c.h; path = SOPEXSheetRunner.h; sourceTree = "<group>"; };
		ADDCA0CA0618850C00DEBECD /* SOPEXSheetRunner.m */ = {isa = PBXFileReference; fileEncoding = 4; lastKnownFileType = sourcecode.c.objc; path = SOPEXSheetRunner.m; sourceTree = "<group>"; };
		ADDFB35205DC4D7B005FB28D /* SOPEXConsole.h */ = {isa = PBXFileReference; fileEncoding = 30; lastKnownFileType = sourcecode.c.h; path = SOPEXConsole.h; sourceTree = "<group>"; };
		ADDFB35305DC4D7B005FB28D /* SOPEXConsole.m */ = {isa = PBXFileReference; fileEncoding = 30; lastKnownFileType = sourcecode.c.objc; path = SOPEXConsole.m; sourceTree = "<group>"; };
		ADDFB35405DC4D7B005FB28D /* SOPEXAppController.h */ = {isa = PBXFileReference; fileEncoding = 30; lastKnownFileType = sourcecode.c.h; path = SOPEXAppController.h; sourceTree = "<group>"; };
		ADDFB35505DC4D7B005FB28D /* SOPEXAppController.m */ = {isa = PBXFileReference; fileEncoding = 30; lastKnownFileType = sourcecode.c.objc; path = SOPEXAppController.m; sourceTree = "<group>"; };
		ADDFB35605DC4D7B005FB28D /* Lori.icns */ = {isa = PBXFileReference; lastKnownFileType = image.icns; path = Lori.icns; sourceTree = "<group>"; };
		ADDFB35705DC4D7B005FB28D /* Reload.tiff */ = {isa = PBXFileReference; lastKnownFileType = image.tiff; path = Reload.tiff; sourceTree = "<group>"; };
		ADDFB35A05DC4D7B005FB28D /* SOPEXStatisticsController.h */ = {isa = PBXFileReference; fileEncoding = 30; lastKnownFileType = sourcecode.c.h; path = SOPEXStatisticsController.h; sourceTree = "<group>"; };
		ADDFB35B05DC4D7B005FB28D /* SOPEXStatisticsController.m */ = {isa = PBXFileReference; fileEncoding = 30; lastKnownFileType = sourcecode.c.objc; path = SOPEXStatisticsController.m; sourceTree = "<group>"; };
		ADDFB35C05DC4D7B005FB28D /* SOPEXAuthPanel.h */ = {isa = PBXFileReference; fileEncoding = 30; lastKnownFileType = sourcecode.c.h; path = SOPEXAuthPanel.h; sourceTree = "<group>"; };
		ADDFB35D05DC4D7B005FB28D /* SOPEXAuthPanel.m */ = {isa = PBXFileReference; fileEncoding = 30; lastKnownFileType = sourcecode.c.objc; path = SOPEXAuthPanel.m; sourceTree = "<group>"; };
		ADDFB35E05DC4D7B005FB28D /* SOPEXToolbarController.h */ = {isa = PBXFileReference; fileEncoding = 30; lastKnownFileType = sourcecode.c.h; path = SOPEXToolbarController.h; sourceTree = "<group>"; };
		ADDFB35F05DC4D7B005FB28D /* SOPEXToolbarController.m */ = {isa = PBXFileReference; fileEncoding = 30; lastKnownFileType = sourcecode.c.objc; path = SOPEXToolbarController.m; sourceTree = "<group>"; };
		ADDFB36005DC4D7B005FB28D /* English */ = {isa = PBXFileReference; fileEncoding = 30; lastKnownFileType = text; name = English; path = English.lproj/SOPEXWebUI.toolbar; sourceTree = "<group>"; };
		ADDFB37205DC4E58005FB28D /* SOPEXWebConnection.h */ = {isa = PBXFileReference; fileEncoding = 30; lastKnownFileType = sourcecode.c.h; path = SOPEXWebConnection.h; sourceTree = "<group>"; };
		ADDFB37305DC4E58005FB28D /* SOPEXWebConnection.m */ = {isa = PBXFileReference; fileEncoding = 30; lastKnownFileType = sourcecode.c.objc; path = SOPEXWebConnection.m; sourceTree = "<group>"; };
		ADDFB37405DC4E58005FB28D /* SOPEXWebMetaParser.h */ = {isa = PBXFileReference; fileEncoding = 30; lastKnownFileType = sourcecode.c.h; path = SOPEXWebMetaParser.h; sourceTree = "<group>"; };
		ADDFB37505DC4E58005FB28D /* SOPEXWebMetaParser.m */ = {isa = PBXFileReference; fileEncoding = 30; lastKnownFileType = sourcecode.c.objc; path = SOPEXWebMetaParser.m; sourceTree = "<group>"; };
		ADDFB3B205DC508E005FB28D /* WebKit.framework */ = {isa = PBXFileReference; lastKnownFileType = wrapper.framework; name = WebKit.framework; path = /System/Library/Frameworks/WebKit.framework; sourceTree = "<absolute>"; };
		ADDFB3F305DC513A005FB28D /* README */ = {isa = PBXFileReference; fileEncoding = 5; lastKnownFileType = text; path = README; sourceTree = "<group>"; };
		ADDFB3F505DC517A005FB28D /* PROJECTLEAD */ = {isa = PBXFileReference; fileEncoding = 5; lastKnownFileType = text; path = PROJECTLEAD; sourceTree = "<group>"; };
		ADDFB3F705DC51A0005FB28D /* ChangeLog */ = {isa = PBXFileReference; explicitFileType = text; fileEncoding = 5; indentWidth = 8; path = ChangeLog; sourceTree = "<group>"; tabWidth = 8; usesTabs = 1; };
		ADDFB3F905DC51BD005FB28D /* Version */ = {isa = PBXFileReference; fileEncoding = 5; lastKnownFileType = text; path = Version; sourceTree = "<group>"; };
		ADDFB3FB05DC51F6005FB28D /* COPYING */ = {isa = PBXFileReference; fileEncoding = 5; lastKnownFileType = text; path = COPYING; sourceTree = "<group>"; };
		ADDFB3FD05DC521A005FB28D /* COPYRIGHT */ = {isa = PBXFileReference; fileEncoding = 5; lastKnownFileType = text; path = COPYRIGHT; sourceTree = "<group>"; };
		ADDFB41C05DC532D005FB28D /* English */ = {isa = PBXFileReference; lastKnownFileType = wrapper.nib; name = English; path = English.lproj/SOPEXConsole.nib; sourceTree = "<group>"; };
		ADDFB42005DC532D005FB28D /* English */ = {isa = PBXFileReference; fileEncoding = 30; lastKnownFileType = text.plist; name = English; path = English.lproj/SOPEXStatisticsNatLang.plist; sourceTree = "<group>"; };
		ADDFB42205DC532D005FB28D /* English */ = {isa = PBXFileReference; lastKnownFileType = wrapper.nib; name = English; path = English.lproj/SOPEXStats.nib; sourceTree = "<group>"; };
		ADDFB45105DC5555005FB28D /* SOPEXConstants.h */ = {isa = PBXFileReference; fileEncoding = 4; lastKnownFileType = sourcecode.c.h; path = SOPEXConstants.h; sourceTree = "<group>"; };
		ADDFB45205DC5555005FB28D /* SOPEXConstants.m */ = {isa = PBXFileReference; fileEncoding = 4; lastKnownFileType = sourcecode.c.objc; path = SOPEXConstants.m; sourceTree = "<group>"; };
		ADDFB48F05DC5A05005FB28D /* SOPEX.h */ = {isa = PBXFileReference; fileEncoding = 4; lastKnownFileType = sourcecode.c.h; path = SOPEX.h; sourceTree = "<group>"; };
		ADE6900F0989A0AA005E3971 /* GNUmakefile */ = {isa = PBXFileReference; explicitFileType = sourcecode.make; fileEncoding = 5; indentWidth = 8; path = GNUmakefile; sourceTree = "<group>"; tabWidth = 8; };
		ADE690100989A0AA005E3971 /* GNUmakefile.preamble */ = {isa = PBXFileReference; explicitFileType = sourcecode.make; fileEncoding = 5; indentWidth = 8; path = GNUmakefile.preamble; sourceTree = "<group>"; tabWidth = 8; };
		ADEE3D8705DCF8C800F523DB /* SOPEXMain.m */ = {isa = PBXFileReference; fileEncoding = 4; lastKnownFileType = sourcecode.c.objc; path = SOPEXMain.m; sourceTree = "<group>"; };
		ADEE3DAB05DCFD0800F523DB /* SOPEXMain.h */ = {isa = PBXFileReference; fileEncoding = 4; lastKnownFileType = sourcecode.c.h; path = SOPEXMain.h; sourceTree = "<group>"; };
		ADFA08B20614635A00E216F9 /* SOPEXDocument.h */ = {isa = PBXFileReference; fileEncoding = 4; lastKnownFileType = sourcecode.c.h; path = SOPEXDocument.h; sourceTree = "<group>"; };
		ADFA08B30614635A00E216F9 /* SOPEXDocument.m */ = {isa = PBXFileReference; fileEncoding = 4; lastKnownFileType = sourcecode.c.objc; path = SOPEXDocument.m; sourceTree = "<group>"; };
		ADFA08BA0614771F00E216F9 /* SOPEXWODocument.h */ = {isa = PBXFileReference; fileEncoding = 4; lastKnownFileType = sourcecode.c.h; path = SOPEXWODocument.h; sourceTree = "<group>"; };
		ADFA08BB0614771F00E216F9 /* SOPEXWODocument.m */ = {isa = PBXFileReference; fileEncoding = 4; lastKnownFileType = sourcecode.c.objc; path = SOPEXWODocument.m; sourceTree = "<group>"; };
		ADFA08BE061482D800E216F9 /* SOPEXWOXDocument.h */ = {isa = PBXFileReference; fileEncoding = 4; lastKnownFileType = sourcecode.c.h; path = SOPEXWOXDocument.h; sourceTree = "<group>"; };
		ADFA08BF061482D800E216F9 /* SOPEXWOXDocument.m */ = {isa = PBXFileReference; fileEncoding = 4; lastKnownFileType = sourcecode.c.objc; path = SOPEXWOXDocument.m; sourceTree = "<group>"; };
/* End PBXFileReference section */

/* Begin PBXFrameworksBuildPhase section */
		8DC2EF560486A6940098B216 /* Frameworks */ = {
			isa = PBXFrameworksBuildPhase;
			buildActionMask = 2147483647;
			files = (
				8DC2EF570486A6940098B216 /* Cocoa.framework in Frameworks */,
				ADDFB3B305DC508E005FB28D /* WebKit.framework in Frameworks */,
				ADA28C0907537617009E5623 /* DOM.framework in Frameworks */,
				ADA28C0A07537617009E5623 /* EOControl.framework in Frameworks */,
				ADA28C0B07537617009E5623 /* NGExtensions.framework in Frameworks */,
				ADA28C0C07537617009E5623 /* NGHttp.framework in Frameworks */,
				ADA28C0D07537617009E5623 /* NGImap4.framework in Frameworks */,
				ADA28C0E07537617009E5623 /* NGMail.framework in Frameworks */,
				ADA28C0F07537617009E5623 /* NGMime.framework in Frameworks */,
				ADA28C1107537617009E5623 /* NGObjWeb.framework in Frameworks */,
				ADA28C1207537617009E5623 /* NGStreams.framework in Frameworks */,
				ADA28C1307537617009E5623 /* NGXmlRpc.framework in Frameworks */,
				ADA28C1407537617009E5623 /* SaxObjC.framework in Frameworks */,
				ADA28C1507537617009E5623 /* SoObjects.framework in Frameworks */,
				ADA28C1607537617009E5623 /* WebDAV.framework in Frameworks */,
				ADA28C1707537617009E5623 /* XmlRpc.framework in Frameworks */,
			);
			runOnlyForDeploymentPostprocessing = 0;
		};
/* End PBXFrameworksBuildPhase section */

/* Begin PBXGroup section */
		034768DFFF38A50411DB9C8B /* Products */ = {
			isa = PBXGroup;
			children = (
				8DC2EF5B0486A6940098B216 /* SOPEX.framework */,
			);
			name = Products;
			sourceTree = "<group>";
		};
		0867D691FE84028FC02AAC07 /* SOPEX */ = {
			isa = PBXGroup;
			children = (
				ADDFB3F305DC513A005FB28D /* README */,
				ADB2D6E407565D8500A22ED7 /* CHANGES */,
				ADB2D6E207565D7800A22ED7 /* TODO */,
				ADDFB3FB05DC51F6005FB28D /* COPYING */,
				ADDFB3FD05DC521A005FB28D /* COPYRIGHT */,
				ADDFB3F505DC517A005FB28D /* PROJECTLEAD */,
				ADDFB3F705DC51A0005FB28D /* ChangeLog */,
				ADDFB3F905DC51BD005FB28D /* Version */,
				ADE6900E0989A07F005E3971 /* Makefiles */,
				ADEE3D9505DCF8EC00F523DB /* Global */,
				ADFA08B10614634400E216F9 /* Model */,
				AD3FED21060F558A00A90173 /* Controllers */,
				AD3FED1B060F556400A90173 /* Widgets */,
				AD3FED1E060F556C00A90173 /* Extensions */,
				08FB77AEFE84172EC02AAC07 /* Misc Debris */,
				32C88DFF0371C24200C91783 /* Other Sources */,
				089C1665FE841158C02AAC07 /* Resources */,
				0867D69AFE84028FC02AAC07 /* Frameworks */,
				AD5833BB0C4F83E300745D88 /* xcconfig */,
				034768DFFF38A50411DB9C8B /* Products */,
			);
			name = SOPEX;
			sourceTree = "<group>";
		};
		0867D69AFE84028FC02AAC07 /* Frameworks */ = {
			isa = PBXGroup;
			children = (
				1058C7B1FEA5585E11CA2CBB /* Cocoa.framework */,
				ADDFB3B205DC508E005FB28D /* WebKit.framework */,
				ADA28BEB07537596009E5623 /* sope-xml */,
				ADA28BF10753759F009E5623 /* sope-core */,
				ADA28BEE0753759B009E5623 /* sope-appserver */,
				ADA28BF4075375A3009E5623 /* sope-mime */,
			);
			name = Frameworks;
			sourceTree = "<group>";
		};
		089C1665FE841158C02AAC07 /* Resources */ = {
			isa = PBXGroup;
			children = (
				AD7FDDFD069EE59A00B1BC36 /* SOPEXBrowserController.nib */,
				ADDFB41B05DC532D005FB28D /* SOPEXConsole.nib */,
				ADDFB42105DC532D005FB28D /* SOPEXStats.nib */,
				8DC2EF5A0486A6940098B216 /* Info.plist */,
				ADDFB41F05DC532D005FB28D /* SOPEXStatisticsNatLang.plist */,
				089C1666FE841158C02AAC07 /* InfoPlist.strings */,
				ADDFB42705DC534C005FB28D /* SOPEXWebUI.toolbar */,
				AD0A625905FE1D5F0067C575 /* SOPEXConsole.toolbar */,
				AD5C3D2506454EFD00E9BFC5 /* Localizable.strings */,
				ADDFB35605DC4D7B005FB28D /* Lori.icns */,
				ADDFB35705DC4D7B005FB28D /* Reload.tiff */,
				AD0A625B05FE20950067C575 /* Clean.tiff */,
			);
			name = Resources;
			sourceTree = "<group>";
		};
		08FB77AEFE84172EC02AAC07 /* Misc Debris */ = {
			isa = PBXGroup;
			children = (
				ADDFB35C05DC4D7B005FB28D /* SOPEXAuthPanel.h */,
				ADDFB35D05DC4D7B005FB28D /* SOPEXAuthPanel.m */,
				ADDFB37405DC4E58005FB28D /* SOPEXWebMetaParser.h */,
				ADDFB37505DC4E58005FB28D /* SOPEXWebMetaParser.m */,
			);
			fileEncoding = 5;
			indentWidth = 2;
			name = "Misc Debris";
			sourceTree = "<group>";
		};
		32C88DFF0371C24200C91783 /* Other Sources */ = {
			isa = PBXGroup;
			children = (
				ADEE3DAB05DCFD0800F523DB /* SOPEXMain.h */,
				ADEE3D8705DCF8C800F523DB /* SOPEXMain.m */,
			);
			fileEncoding = 5;
			indentWidth = 2;
			name = "Other Sources";
			sourceTree = "<group>";
		};
		AD3FED1B060F556400A90173 /* Widgets */ = {
			isa = PBXGroup;
			children = (
				AD3FED15060F554300A90173 /* SOPEXBrowserWindow.h */,
				AD3FED16060F554300A90173 /* SOPEXBrowserWindow.m */,
				ADB592E6061C598E0094D980 /* SOPEXTextView.h */,
				ADB592E7061C598E0094D980 /* SOPEXTextView.m */,
			);
			fileEncoding = 5;
			indentWidth = 2;
			name = Widgets;
			sourceTree = "<group>";
		};
		AD3FED1E060F556C00A90173 /* Extensions */ = {
			isa = PBXGroup;
			children = (
				ADB2C73F0754D68300A22ED7 /* NGLogging */,
				AD92104A060F3A01001C0B56 /* NSString+Ext.h */,
				AD92104B060F3A01001C0B56 /* NSString+Ext.m */,
				AD3FED11060F53C200A90173 /* WebView+Ext.h */,
				AD3FED12060F53C200A90173 /* WebView+Ext.m */,
				ADD5D7C406453B3400CCCB8C /* NSBundle+Ext.h */,
				ADD5D7C506453B3400CCCB8C /* NSBundle+Ext.m */,
				AD1800B90610B3A800ED723F /* SOPEXRangeUtilities.h */,
				AD1800BA0610B3A800ED723F /* SOPEXRangeUtilities.m */,
			);
			fileEncoding = 5;
			indentWidth = 2;
			name = Extensions;
			sourceTree = "<group>";
		};
		AD3FED21060F558A00A90173 /* Controllers */ = {
			isa = PBXGroup;
			children = (
				ADDFB35405DC4D7B005FB28D /* SOPEXAppController.h */,
				ADDFB35505DC4D7B005FB28D /* SOPEXAppController.m */,
				AD2289E9069EC43900B9E12F /* SOPEXBrowserController.h */,
				AD2289EA069EC43900B9E12F /* SOPEXBrowserController.m */,
				ADDFB35205DC4D7B005FB28D /* SOPEXConsole.h */,
				ADDFB35305DC4D7B005FB28D /* SOPEXConsole.m */,
				ADDFB35A05DC4D7B005FB28D /* SOPEXStatisticsController.h */,
				ADDFB35B05DC4D7B005FB28D /* SOPEXStatisticsController.m */,
				ADDFB35E05DC4D7B005FB28D /* SOPEXToolbarController.h */,
				ADDFB35F05DC4D7B005FB28D /* SOPEXToolbarController.m */,
				ADDFB37205DC4E58005FB28D /* SOPEXWebConnection.h */,
				ADDFB37305DC4E58005FB28D /* SOPEXWebConnection.m */,
				ADDCA0C90618850C00DEBECD /* SOPEXSheetRunner.h */,
				ADDCA0CA0618850C00DEBECD /* SOPEXSheetRunner.m */,
			);
			fileEncoding = 5;
			indentWidth = 2;
			name = Controllers;
			sourceTree = "<group>";
		};
		AD5833BB0C4F83E300745D88 /* xcconfig */ = {
			isa = PBXGroup;
			children = (
				AD5833BC0C4F83E300745D88 /* Common.xcconfig */,
				AD5833BD0C4F83E300745D88 /* Development.xcconfig */,
				AD5833BE0C4F83E300745D88 /* Wrapper.xcconfig */,
			);
			name = xcconfig;
			path = ../../xcconfig;
			sourceTree = SOURCE_ROOT;
		};
		ADA28BEB07537596009E5623 /* sope-xml */ = {
			isa = PBXGroup;
			children = (
				ADA28C0507537617009E5623 /* SaxObjC.framework */,
				ADA28BFA07537617009E5623 /* DOM.framework */,
				ADA28C0807537617009E5623 /* XmlRpc.framework */,
			);
			name = "sope-xml";
			sourceTree = "<group>";
		};
		ADA28BEE0753759B009E5623 /* sope-appserver */ = {
			isa = PBXGroup;
			children = (
				ADA28BFD07537617009E5623 /* NGHttp.framework */,
				ADA28C0207537617009E5623 /* NGObjWeb.framework */,
				ADA28C0307537617009E5623 /* NGStreams.framework */,
				ADA28C0407537617009E5623 /* NGXmlRpc.framework */,
				ADA28C0607537617009E5623 /* SoObjects.framework */,
				ADA28C0707537617009E5623 /* WebDAV.framework */,
			);
			name = "sope-appserver";
			sourceTree = "<group>";
		};
		ADA28BF10753759F009E5623 /* sope-core */ = {
			isa = PBXGroup;
			children = (
				ADA28BFB07537617009E5623 /* EOControl.framework */,
				ADA28BFC07537617009E5623 /* NGExtensions.framework */,
			);
			name = "sope-core";
			sourceTree = "<group>";
		};
		ADA28BF4075375A3009E5623 /* sope-mime */ = {
			isa = PBXGroup;
			children = (
				ADA28BFE07537617009E5623 /* NGImap4.framework */,
				ADA28BFF07537617009E5623 /* NGMail.framework */,
				ADA28C0007537617009E5623 /* NGMime.framework */,
			);
			name = "sope-mime";
			sourceTree = "<group>";
		};
		ADB2C73F0754D68300A22ED7 /* NGLogging */ = {
			isa = PBXGroup;
			children = (
				ADB2C7490754D6AD00A22ED7 /* SOPEXConsoleAppender.m */,
				ADB2D3610754E31300A22ED7 /* SOPEXConsoleEventFormatter.m */,
			);
			name = NGLogging;
			sourceTree = "<group>";
		};
		ADE6900E0989A07F005E3971 /* Makefiles */ = {
			isa = PBXGroup;
			children = (
				ADE6900F0989A0AA005E3971 /* GNUmakefile */,
				ADE690100989A0AA005E3971 /* GNUmakefile.preamble */,
			);
			name = Makefiles;
			sourceTree = "<group>";
		};
		ADEE3D9505DCF8EC00F523DB /* Global */ = {
			isa = PBXGroup;
			children = (
				32DBCF5E0370ADEE00C91783 /* common.h */,
				ADDFB48F05DC5A05005FB28D /* SOPEX.h */,
				ADDFB45105DC5555005FB28D /* SOPEXConstants.h */,
				ADDFB45205DC5555005FB28D /* SOPEXConstants.m */,
			);
			fileEncoding = 5;
			indentWidth = 2;
			name = Global;
			sourceTree = "<group>";
		};
		ADFA08B10614634400E216F9 /* Model */ = {
			isa = PBXGroup;
			children = (
				ADFA08B20614635A00E216F9 /* SOPEXDocument.h */,
				ADFA08B30614635A00E216F9 /* SOPEXDocument.m */,
				ADFA08BE061482D800E216F9 /* SOPEXWOXDocument.h */,
				ADFA08BF061482D800E216F9 /* SOPEXWOXDocument.m */,
				ADFA08BA0614771F00E216F9 /* SOPEXWODocument.h */,
				ADFA08BB0614771F00E216F9 /* SOPEXWODocument.m */,
				AD81AD010621878E00550A49 /* SOPEXContentValidator.h */,
				AD81AD020621878E00550A49 /* SOPEXContentValidator.m */,
			);
			fileEncoding = 5;
			indentWidth = 2;
			name = Model;
			sourceTree = "<group>";
		};
/* End PBXGroup section */

/* Begin PBXHeadersBuildPhase section */
		8DC2EF500486A6940098B216 /* Headers */ = {
			isa = PBXHeadersBuildPhase;
			buildActionMask = 2147483647;
			files = (
				8DC2EF510486A6940098B216 /* common.h in Headers */,
				ADDFB36105DC4D7B005FB28D /* SOPEXConsole.h in Headers */,
				ADDFB36305DC4D7B005FB28D /* SOPEXAppController.h in Headers */,
				ADDFB36905DC4D7B005FB28D /* SOPEXStatisticsController.h in Headers */,
				ADDFB36B05DC4D7B005FB28D /* SOPEXAuthPanel.h in Headers */,
				ADDFB36D05DC4D7B005FB28D /* SOPEXToolbarController.h in Headers */,
				ADDFB37605DC4E58005FB28D /* SOPEXWebConnection.h in Headers */,
				ADDFB37805DC4E58005FB28D /* SOPEXWebMetaParser.h in Headers */,
				ADDFB45305DC5555005FB28D /* SOPEXConstants.h in Headers */,
				ADDFB49105DC5A05005FB28D /* SOPEX.h in Headers */,
				ADEE3DAD05DCFD0800F523DB /* SOPEXMain.h in Headers */,
				AD92104C060F3A01001C0B56 /* NSString+Ext.h in Headers */,
				AD3FED13060F53C200A90173 /* WebView+Ext.h in Headers */,
				AD3FED17060F554300A90173 /* SOPEXBrowserWindow.h in Headers */,
				AD1800BB0610B3A800ED723F /* SOPEXRangeUtilities.h in Headers */,
				ADFA08B40614635A00E216F9 /* SOPEXDocument.h in Headers */,
				ADFA08BC0614771F00E216F9 /* SOPEXWODocument.h in Headers */,
				ADFA08C0061482D800E216F9 /* SOPEXWOXDocument.h in Headers */,
				ADDCA0CB0618850C00DEBECD /* SOPEXSheetRunner.h in Headers */,
				ADB592E8061C598E0094D980 /* SOPEXTextView.h in Headers */,
				AD81AD030621878E00550A49 /* SOPEXContentValidator.h in Headers */,
				ADD5D7C606453B3400CCCB8C /* NSBundle+Ext.h in Headers */,
				AD2289EB069EC43900B9E12F /* SOPEXBrowserController.h in Headers */,
			);
			runOnlyForDeploymentPostprocessing = 0;
		};
/* End PBXHeadersBuildPhase section */

/* Begin PBXNativeTarget section */
		8DC2EF4F0486A6940098B216 /* SOPEX */ = {
			isa = PBXNativeTarget;
			buildConfigurationList = ADA07B7508574E4D00993825 /* Build configuration list for PBXNativeTarget "SOPEX" */;
			buildPhases = (
				8DC2EF500486A6940098B216 /* Headers */,
				8DC2EF520486A6940098B216 /* Resources */,
				8DC2EF540486A6940098B216 /* Sources */,
				8DC2EF560486A6940098B216 /* Frameworks */,
				8DC2EF580486A6940098B216 /* Rez */,
			);
			buildRules = (
			);
			dependencies = (
			);
			name = SOPEX;
			productInstallPath = "$(HOME)/Library/Frameworks";
			productName = SOPEX;
			productReference = 8DC2EF5B0486A6940098B216 /* SOPEX.framework */;
			productType = "com.apple.product-type.framework";
		};
/* End PBXNativeTarget section */

/* Begin PBXProject section */
		0867D690FE84028FC02AAC07 /* Project object */ = {
			isa = PBXProject;
			buildConfigurationList = ADA07B7908574E4D00993825 /* Build configuration list for PBXProject "SOPEX" */;
			hasScannedForEncodings = 1;
			mainGroup = 0867D691FE84028FC02AAC07 /* SOPEX */;
			productRefGroup = 034768DFFF38A50411DB9C8B /* Products */;
			projectDirPath = "";
			targets = (
				8DC2EF4F0486A6940098B216 /* SOPEX */,
			);
		};
/* End PBXProject section */

/* Begin PBXResourcesBuildPhase section */
		8DC2EF520486A6940098B216 /* Resources */ = {
			isa = PBXResourcesBuildPhase;
			buildActionMask = 2147483647;
			files = (
				8DC2EF530486A6940098B216 /* InfoPlist.strings in Resources */,
				ADDFB36505DC4D7B005FB28D /* Lori.icns in Resources */,
				ADDFB36605DC4D7B005FB28D /* Reload.tiff in Resources */,
				ADDFB42805DC534C005FB28D /* SOPEXWebUI.toolbar in Resources */,
				ADDFB3F405DC513A005FB28D /* README in Resources */,
				ADDFB3F605DC517A005FB28D /* PROJECTLEAD in Resources */,
				ADDFB3F805DC51A0005FB28D /* ChangeLog in Resources */,
				ADDFB3FA05DC51BD005FB28D /* Version in Resources */,
				ADDFB3FC05DC51F6005FB28D /* COPYING in Resources */,
				ADDFB3FE05DC521A005FB28D /* COPYRIGHT in Resources */,
				ADDFB42305DC532D005FB28D /* SOPEXConsole.nib in Resources */,
				ADDFB42505DC532D005FB28D /* SOPEXStatisticsNatLang.plist in Resources */,
				ADDFB42605DC532D005FB28D /* SOPEXStats.nib in Resources */,
				AD0A625A05FE1D5F0067C575 /* SOPEXConsole.toolbar in Resources */,
				AD0A625C05FE20950067C575 /* Clean.tiff in Resources */,
				AD5C3D2606454EFD00E9BFC5 /* Localizable.strings in Resources */,
				AD7FDDFF069EE59A00B1BC36 /* SOPEXBrowserController.nib in Resources */,
				ADB2D6E307565D7800A22ED7 /* TODO in Resources */,
			);
			runOnlyForDeploymentPostprocessing = 0;
		};
/* End PBXResourcesBuildPhase section */

/* Begin PBXRezBuildPhase section */
		8DC2EF580486A6940098B216 /* Rez */ = {
			isa = PBXRezBuildPhase;
			buildActionMask = 2147483647;
			files = (
			);
			runOnlyForDeploymentPostprocessing = 0;
		};
/* End PBXRezBuildPhase section */

/* Begin PBXSourcesBuildPhase section */
		8DC2EF540486A6940098B216 /* Sources */ = {
			isa = PBXSourcesBuildPhase;
			buildActionMask = 2147483647;
			files = (
				ADDFB36205DC4D7B005FB28D /* SOPEXConsole.m in Sources */,
				ADDFB36405DC4D7B005FB28D /* SOPEXAppController.m in Sources */,
				ADDFB36A05DC4D7B005FB28D /* SOPEXStatisticsController.m in Sources */,
				ADDFB36C05DC4D7B005FB28D /* SOPEXAuthPanel.m in Sources */,
				ADDFB36E05DC4D7B005FB28D /* SOPEXToolbarController.m in Sources */,
				ADDFB37705DC4E58005FB28D /* SOPEXWebConnection.m in Sources */,
				ADDFB37905DC4E58005FB28D /* SOPEXWebMetaParser.m in Sources */,
				ADDFB45405DC5555005FB28D /* SOPEXConstants.m in Sources */,
				ADEE3D8805DCF8C800F523DB /* SOPEXMain.m in Sources */,
				AD92104D060F3A02001C0B56 /* NSString+Ext.m in Sources */,
				AD3FED14060F53C200A90173 /* WebView+Ext.m in Sources */,
				AD3FED18060F554300A90173 /* SOPEXBrowserWindow.m in Sources */,
				AD1800BC0610B3A800ED723F /* SOPEXRangeUtilities.m in Sources */,
				ADFA08B50614635A00E216F9 /* SOPEXDocument.m in Sources */,
				ADFA08BD0614771F00E216F9 /* SOPEXWODocument.m in Sources */,
				ADFA08C1061482D800E216F9 /* SOPEXWOXDocument.m in Sources */,
				ADDCA0CC0618850C00DEBECD /* SOPEXSheetRunner.m in Sources */,
				ADB592E9061C598E0094D980 /* SOPEXTextView.m in Sources */,
				AD81AD040621878E00550A49 /* SOPEXContentValidator.m in Sources */,
				ADD5D7C706453B3400CCCB8C /* NSBundle+Ext.m in Sources */,
				AD2289EC069EC43900B9E12F /* SOPEXBrowserController.m in Sources */,
				ADB2C74B0754D6AD00A22ED7 /* SOPEXConsoleAppender.m in Sources */,
				ADB2D3630754E31300A22ED7 /* SOPEXConsoleEventFormatter.m in Sources */,
			);
			runOnlyForDeploymentPostprocessing = 0;
		};
/* End PBXSourcesBuildPhase section */

/* Begin PBXVariantGroup section */
		089C1666FE841158C02AAC07 /* InfoPlist.strings */ = {
			isa = PBXVariantGroup;
			children = (
				089C1667FE841158C02AAC07 /* English */,
			);
			name = InfoPlist.strings;
			sourceTree = "<group>";
		};
		AD0A625905FE1D5F0067C575 /* SOPEXConsole.toolbar */ = {
			isa = PBXVariantGroup;
			children = (
				AD0A625705FE1D410067C575 /* English */,
			);
			name = SOPEXConsole.toolbar;
			sourceTree = "<group>";
		};
		AD5C3D2506454EFD00E9BFC5 /* Localizable.strings */ = {
			isa = PBXVariantGroup;
			children = (
				AD5C3D2306454EBE00E9BFC5 /* English */,
			);
			name = Localizable.strings;
			sourceTree = "<group>";
		};
		AD7FDDFD069EE59A00B1BC36 /* SOPEXBrowserController.nib */ = {
			isa = PBXVariantGroup;
			children = (
				AD7FDDFE069EE59A00B1BC36 /* SOPEXBrowserController.nib */,
			);
			name = SOPEXBrowserController.nib;
			sourceTree = "<group>";
		};
		ADDFB41B05DC532D005FB28D /* SOPEXConsole.nib */ = {
			isa = PBXVariantGroup;
			children = (
				ADDFB41C05DC532D005FB28D /* English */,
			);
			name = SOPEXConsole.nib;
			sourceTree = "<group>";
		};
		ADDFB41F05DC532D005FB28D /* SOPEXStatisticsNatLang.plist */ = {
			isa = PBXVariantGroup;
			children = (
				ADDFB42005DC532D005FB28D /* English */,
			);
			name = SOPEXStatisticsNatLang.plist;
			sourceTree = "<group>";
		};
		ADDFB42105DC532D005FB28D /* SOPEXStats.nib */ = {
			isa = PBXVariantGroup;
			children = (
				ADDFB42205DC532D005FB28D /* English */,
			);
			name = SOPEXStats.nib;
			sourceTree = "<group>";
		};
		ADDFB42705DC534C005FB28D /* SOPEXWebUI.toolbar */ = {
			isa = PBXVariantGroup;
			children = (
				ADDFB36005DC4D7B005FB28D /* English */,
			);
			name = SOPEXWebUI.toolbar;
			sourceTree = "<group>";
		};
/* End PBXVariantGroup section */

/* Begin XCBuildConfiguration section */
		ADA07B7608574E4D00993825 /* Development */ = {
			isa = XCBuildConfiguration;
			baseConfigurationReference = AD5833BD0C4F83E300745D88 /* Development.xcconfig */;
			buildSettings = {
				DYLIB_COMPATIBILITY_VERSION = "$(SOPEX_MAJOR_VERSION).$(SOPEX_MINOR_VERSION).0";
				DYLIB_CURRENT_VERSION = "$(SOPEX_MAJOR_VERSION).$(SOPEX_MINOR_VERSION).9";
				FRAMEWORK_VERSION = A;
				GCC_PRECOMPILE_PREFIX_HEADER = YES;
				GCC_PREFIX_HEADER = common.h;
				INFOPLIST_FILE = Info.plist;
				OTHER_LDFLAGS = (
					"$(OTHER_LDFLAGS)",
					"-seg1addr",
					0xC6FF0000,
					"-headerpad_max_install_names",
				);
				PRODUCT_NAME = SOPEX;
				WRAPPER_EXTENSION = framework;
			};
			name = Development;
		};
		ADA07B7708574E4D00993825 /* Wrapper */ = {
			isa = XCBuildConfiguration;
			baseConfigurationReference = AD5833BE0C4F83E300745D88 /* Wrapper.xcconfig */;
			buildSettings = {
				DYLIB_COMPATIBILITY_VERSION = "$(SOPEX_MAJOR_VERSION).$(SOPEX_MINOR_VERSION).0";
				DYLIB_CURRENT_VERSION = "$(SOPEX_MAJOR_VERSION).$(SOPEX_MINOR_VERSION).9";
				FRAMEWORK_VERSION = A;
				GCC_PRECOMPILE_PREFIX_HEADER = YES;
				GCC_PREFIX_HEADER = common.h;
				INFOPLIST_FILE = Info.plist;
				OTHER_LDFLAGS = (
					"$(OTHER_LDFLAGS)",
					"-seg1addr",
					0xC6FF0000,
					"-headerpad_max_install_names",
				);
				PRODUCT_NAME = SOPEX;
				WRAPPER_EXTENSION = framework;
			};
			name = Wrapper;
		};
		ADA07B7A08574E4D00993825 /* Development */ = {
			isa = XCBuildConfiguration;
			buildSettings = {
				SOPEX_MAJOR_VERSION = 2;
				SOPEX_MINOR_VERSION = 0;
			};
			name = Development;
		};
		ADA07B7B08574E4D00993825 /* Wrapper */ = {
			isa = XCBuildConfiguration;
			buildSettings = {
				SOPEX_MAJOR_VERSION = 2;
				SOPEX_MINOR_VERSION = 0;
			};
			name = Wrapper;
		};
/* End XCBuildConfiguration section */

/* Begin XCConfigurationList section */
		ADA07B7508574E4D00993825 /* Build configuration list for PBXNativeTarget "SOPEX" */ = {
			isa = XCConfigurationList;
			buildConfigurations = (
				ADA07B7608574E4D00993825 /* Development */,
				ADA07B7708574E4D00993825 /* Wrapper */,
			);
			defaultConfigurationIsVisible = 0;
			defaultConfigurationName = Development;
		};
		ADA07B7908574E4D00993825 /* Build configuration list for PBXProject "SOPEX" */ = {
			isa = XCConfigurationList;
			buildConfigurations = (
				ADA07B7A08574E4D00993825 /* Development */,
				ADA07B7B08574E4D00993825 /* Wrapper */,
			);
			defaultConfigurationIsVisible = 0;
			defaultConfigurationName = Development;
		};
/* End XCConfigurationList section */
	};
	rootObject = 0867D690FE84028FC02AAC07 /* Project object */;
}
